// !$*UTF8*$!
{
	archiveVersion = 1;
	classes = {
	};
	objectVersion = 55;
	objects = {

/* Begin PBXBuildFile section */
		4AC8521B5236AB731ED2C3AE /* Pods_SassFramework_SassFrameworkUITests.framework in Frameworks */ = {isa = PBXBuildFile; fileRef = E163AB61F5D45B0D1DD60A07 /* Pods_SassFramework_SassFrameworkUITests.framework */; };
		865BA5A6ED1F5CDF52F09AE5 /* Pods_SassFramework.framework in Frameworks */ = {isa = PBXBuildFile; fileRef = 9DCCF3C32A8A208974B25C09 /* Pods_SassFramework.framework */; };
		D74D82D438A98EFD469ADA3F /* Pods_SassFrameworkTests.framework in Frameworks */ = {isa = PBXBuildFile; fileRef = 17C1061D1F5F396C7367C3DE /* Pods_SassFrameworkTests.framework */; };
		DCCB32562717BF45009E7B1E /* AppDelegate.m in Sources */ = {isa = PBXBuildFile; fileRef = DCCB32552717BF45009E7B1E /* AppDelegate.m */; };
		DCCB325C2717BF45009E7B1E /* ViewController.m in Sources */ = {isa = PBXBuildFile; fileRef = DCCB325B2717BF45009E7B1E /* ViewController.m */; };
		DCCB325F2717BF45009E7B1E /* Main.storyboard in Resources */ = {isa = PBXBuildFile; fileRef = DCCB325D2717BF45009E7B1E /* Main.storyboard */; };
		DCCB32612717BF46009E7B1E /* Assets.xcassets in Resources */ = {isa = PBXBuildFile; fileRef = DCCB32602717BF46009E7B1E /* Assets.xcassets */; };
		DCCB32642717BF46009E7B1E /* LaunchScreen.storyboard in Resources */ = {isa = PBXBuildFile; fileRef = DCCB32622717BF46009E7B1E /* LaunchScreen.storyboard */; };
		DCCB32672717BF46009E7B1E /* main.m in Sources */ = {isa = PBXBuildFile; fileRef = DCCB32662717BF46009E7B1E /* main.m */; };
		DCCB32712717BF46009E7B1E /* SassFrameworkTests.m in Sources */ = {isa = PBXBuildFile; fileRef = DCCB32702717BF46009E7B1E /* SassFrameworkTests.m */; };
		DCCB327B2717BF47009E7B1E /* SassFrameworkUITests.m in Sources */ = {isa = PBXBuildFile; fileRef = DCCB327A2717BF47009E7B1E /* SassFrameworkUITests.m */; };
		DCCB327D2717BF47009E7B1E /* SassFrameworkUITestsLaunchTests.m in Sources */ = {isa = PBXBuildFile; fileRef = DCCB327C2717BF47009E7B1E /* SassFrameworkUITestsLaunchTests.m */; };
		DCCB32A72717FDA4009E7B1E /* FLAnimatedImage.m in Sources */ = {isa = PBXBuildFile; fileRef = DCCB328C2717FDA4009E7B1E /* FLAnimatedImage.m */; };
		DCCB32A82717FDA4009E7B1E /* FLAnimatedImageView.m in Sources */ = {isa = PBXBuildFile; fileRef = DCCB328D2717FDA4009E7B1E /* FLAnimatedImageView.m */; };
		DCCB32A92717FDA4009E7B1E /* XHLaunchAdView.m in Sources */ = {isa = PBXBuildFile; fileRef = DCCB32942717FDA4009E7B1E /* XHLaunchAdView.m */; };
		DCCB32AA2717FDA4009E7B1E /* XHLaunchAdButton.m in Sources */ = {isa = PBXBuildFile; fileRef = DCCB32972717FDA4009E7B1E /* XHLaunchAdButton.m */; };
		DCCB32AB2717FDA4009E7B1E /* XHLaunchImageView.m in Sources */ = {isa = PBXBuildFile; fileRef = DCCB32992717FDA4009E7B1E /* XHLaunchImageView.m */; };
		DCCB32AC2717FDA4009E7B1E /* XHLaunchAdConst.m in Sources */ = {isa = PBXBuildFile; fileRef = DCCB329A2717FDA4009E7B1E /* XHLaunchAdConst.m */; };
		DCCB32AD2717FDA4009E7B1E /* XHLaunchAd.m in Sources */ = {isa = PBXBuildFile; fileRef = DCCB329C2717FDA4009E7B1E /* XHLaunchAd.m */; };
		DCCB32AE2717FDA4009E7B1E /* XHLaunchAdController.m in Sources */ = {isa = PBXBuildFile; fileRef = DCCB329D2717FDA4009E7B1E /* XHLaunchAdController.m */; };
		DCCB32AF2717FDA4009E7B1E /* XHLaunchAdDownloader.m in Sources */ = {isa = PBXBuildFile; fileRef = DCCB329E2717FDA4009E7B1E /* XHLaunchAdDownloader.m */; };
		DCCB32B02717FDA4009E7B1E /* XHLaunchAdImageView+XHLaunchAdCache.m in Sources */ = {isa = PBXBuildFile; fileRef = DCCB32A02717FDA4009E7B1E /* XHLaunchAdImageView+XHLaunchAdCache.m */; };
		DCCB32B12717FDA4009E7B1E /* XHLaunchAdConfiguration.m in Sources */ = {isa = PBXBuildFile; fileRef = DCCB32A12717FDA4009E7B1E /* XHLaunchAdConfiguration.m */; };
		DCCB32B22717FDA4009E7B1E /* XHLaunchAdCache.m in Sources */ = {isa = PBXBuildFile; fileRef = DCCB32A32717FDA4009E7B1E /* XHLaunchAdCache.m */; };
		DCCB32B32717FDA4009E7B1E /* XHLaunchAdImageManager.m in Sources */ = {isa = PBXBuildFile; fileRef = DCCB32A52717FDA4009E7B1E /* XHLaunchAdImageManager.m */; };
		DCCB32CF2717FDBD009E7B1E /* LaunchVideoAd.json in Resources */ = {isa = PBXBuildFile; fileRef = DCCB32B52717FDBD009E7B1E /* LaunchVideoAd.json */; };
		DCCB32D02717FDBD009E7B1E /* video0.mp4 in Resources */ = {isa = PBXBuildFile; fileRef = DCCB32B62717FDBD009E7B1E /* video0.mp4 */; };
		DCCB32D12717FDBD009E7B1E /* video1.mp4 in Resources */ = {isa = PBXBuildFile; fileRef = DCCB32B72717FDBD009E7B1E /* video1.mp4 */; };
		DCCB32D22717FDBD009E7B1E /* LaunchImageAd.json in Resources */ = {isa = PBXBuildFile; fileRef = DCCB32B82717FDBD009E7B1E /* LaunchImageAd.json */; };
		DCCB32D32717FDBD009E7B1E /* image4.jpg in Resources */ = {isa = PBXBuildFile; fileRef = DCCB32B92717FDBD009E7B1E /* image4.jpg */; };
		DCCB32D42717FDBD009E7B1E /* image1.jpg in Resources */ = {isa = PBXBuildFile; fileRef = DCCB32BA2717FDBD009E7B1E /* image1.jpg */; };
		DCCB32D52717FDBD009E7B1E /* image12.gif in Resources */ = {isa = PBXBuildFile; fileRef = DCCB32BB2717FDBD009E7B1E /* image12.gif */; };
		DCCB32D62717FDBD009E7B1E /* image0.jpg in Resources */ = {isa = PBXBuildFile; fileRef = DCCB32BC2717FDBD009E7B1E /* image0.jpg */; };
		DCCB32D72717FDBD009E7B1E /* image2.jpg in Resources */ = {isa = PBXBuildFile; fileRef = DCCB32BD2717FDBD009E7B1E /* image2.jpg */; };
		DCCB32D82717FDBD009E7B1E /* image3.jpg in Resources */ = {isa = PBXBuildFile; fileRef = DCCB32BE2717FDBD009E7B1E /* image3.jpg */; };
		DCCB32E12717FEA4009E7B1E /* XHLaunchAdManager.m in Sources */ = {isa = PBXBuildFile; fileRef = DCCB32E02717FEA4009E7B1E /* XHLaunchAdManager.m */; };
		DCCB32EE2717FF9D009E7B1E /* WebViewController.m in Sources */ = {isa = PBXBuildFile; fileRef = DCCB32E32717FF9D009E7B1E /* WebViewController.m */; };
		DCCB32EF2717FF9D009E7B1E /* LaunchAdModel.m in Sources */ = {isa = PBXBuildFile; fileRef = DCCB32E62717FF9D009E7B1E /* LaunchAdModel.m */; };
		DCCB32F02717FF9D009E7B1E /* Network.m in Sources */ = {isa = PBXBuildFile; fileRef = DCCB32E92717FF9D009E7B1E /* Network.m */; };
		DCCB32F12717FF9D009E7B1E /* UIViewController+Nav.m in Sources */ = {isa = PBXBuildFile; fileRef = DCCB32ED2717FF9D009E7B1E /* UIViewController+Nav.m */; };
		DCCB32FA27181142009E7B1E /* AxcAE_TabBarBadge.m in Sources */ = {isa = PBXBuildFile; fileRef = DCCB32F327181142009E7B1E /* AxcAE_TabBarBadge.m */; };
		DCCB32FB27181142009E7B1E /* AxcAE_TabBar.m in Sources */ = {isa = PBXBuildFile; fileRef = DCCB32F527181142009E7B1E /* AxcAE_TabBar.m */; };
		DCCB32FC27181142009E7B1E /* AxcAE_TabBarItem.m in Sources */ = {isa = PBXBuildFile; fileRef = DCCB32F827181142009E7B1E /* AxcAE_TabBarItem.m */; };
		DCCB32FF27181213009E7B1E /* JianShuTabBarVC.m in Sources */ = {isa = PBXBuildFile; fileRef = DCCB32FD27181213009E7B1E /* JianShuTabBarVC.m */; };
		DCCB33462718123F009E7B1E /* CustomImageSelColorTabBarVC.m in Sources */ = {isa = PBXBuildFile; fileRef = DCCB33022718123F009E7B1E /* CustomImageSelColorTabBarVC.m */; };
		DCCB33472718123F009E7B1E /* CustomImageTabBarVC.m in Sources */ = {isa = PBXBuildFile; fileRef = DCCB33052718123F009E7B1E /* CustomImageTabBarVC.m */; };
		DCCB33482718123F009E7B1E /* ItemSizeLayoutTabBarVC.m in Sources */ = {isa = PBXBuildFile; fileRef = DCCB33092718123F009E7B1E /* ItemSizeLayoutTabBarVC.m */; };
		DCCB33492718123F009E7B1E /* WHGradientHelperGradientTabBarVC2.m in Sources */ = {isa = PBXBuildFile; fileRef = DCCB330B2718123F009E7B1E /* WHGradientHelperGradientTabBarVC2.m */; };
		DCCB334A2718123F009E7B1E /* WHGradientHelperGradientTabBarVC.m in Sources */ = {isa = PBXBuildFile; fileRef = DCCB330E2718123F009E7B1E /* WHGradientHelperGradientTabBarVC.m */; };
		DCCB334B2718123F009E7B1E /* WHGradientHelperGradientTabBarVC4.m in Sources */ = {isa = PBXBuildFile; fileRef = DCCB33122718123F009E7B1E /* WHGradientHelperGradientTabBarVC4.m */; };
		DCCB334C2718123F009E7B1E /* WHGradientHelperGradientTabBarVC3.m in Sources */ = {isa = PBXBuildFile; fileRef = DCCB33152718123F009E7B1E /* WHGradientHelperGradientTabBarVC3.m */; };
		DCCB334D2718123F009E7B1E /* ItemTingColorTabBarVC.m in Sources */ = {isa = PBXBuildFile; fileRef = DCCB33172718123F009E7B1E /* ItemTingColorTabBarVC.m */; };
		DCCB334E2718123F009E7B1E /* ImageTranslucentTabBarVC.m in Sources */ = {isa = PBXBuildFile; fileRef = DCCB331B2718123F009E7B1E /* ImageTranslucentTabBarVC.m */; };
		DCCB334F2718123F009E7B1E /* ItemCustomBadgeTabBarVC.m in Sources */ = {isa = PBXBuildFile; fileRef = DCCB331E2718123F009E7B1E /* ItemCustomBadgeTabBarVC.m */; };
		DCCB33502718123F009E7B1E /* MultipleBulgeCircularTabBarVC.m in Sources */ = {isa = PBXBuildFile; fileRef = DCCB33202718123F009E7B1E /* MultipleBulgeCircularTabBarVC.m */; };
		DCCB33512718123F009E7B1E /* WHGradientHelperGradientItemTabBarVC.m in Sources */ = {isa = PBXBuildFile; fileRef = DCCB33242718123F009E7B1E /* WHGradientHelperGradientItemTabBarVC.m */; };
		DCCB33522718123F009E7B1E /* BulgeCircularTabBarVC.m in Sources */ = {isa = PBXBuildFile; fileRef = DCCB33262718123F009E7B1E /* BulgeCircularTabBarVC.m */; };
		DCCB33532718123F009E7B1E /* ItemSizeAlignmentTabBarVC.m in Sources */ = {isa = PBXBuildFile; fileRef = DCCB332A2718123F009E7B1E /* ItemSizeAlignmentTabBarVC.m */; };
		DCCB33542718123F009E7B1E /* ItemCustomAnimationTabBarVC.m in Sources */ = {isa = PBXBuildFile; fileRef = DCCB332D2718123F009E7B1E /* ItemCustomAnimationTabBarVC.m */; };
		DCCB33552718123F009E7B1E /* ItemBackgroundImageTabBarVC.m in Sources */ = {isa = PBXBuildFile; fileRef = DCCB33302718123F009E7B1E /* ItemBackgroundImageTabBarVC.m */; };
		DCCB33562718123F009E7B1E /* BaseTabBar.m in Sources */ = {isa = PBXBuildFile; fileRef = DCCB33332718123F009E7B1E /* BaseTabBar.m */; };
		DCCB33572718123F009E7B1E /* MultipleBulgeHybridTabBarVC.m in Sources */ = {isa = PBXBuildFile; fileRef = DCCB33352718123F009E7B1E /* MultipleBulgeHybridTabBarVC.m */; };
		DCCB33582718123F009E7B1E /* BulgeSquareTabBarVC.m in Sources */ = {isa = PBXBuildFile; fileRef = DCCB33382718123F009E7B1E /* BulgeSquareTabBarVC.m */; };
		DCCB33592718123F009E7B1E /* ItemSizeTabBarVC.m in Sources */ = {isa = PBXBuildFile; fileRef = DCCB333B2718123F009E7B1E /* ItemSizeTabBarVC.m */; };
		DCCB335A2718123F009E7B1E /* BasedUsingTabBarVC.m in Sources */ = {isa = PBXBuildFile; fileRef = DCCB333F2718123F009E7B1E /* BasedUsingTabBarVC.m */; };
		DCCB335B2718123F009E7B1E /* ItemBackgroundColorTabBarVC.m in Sources */ = {isa = PBXBuildFile; fileRef = DCCB33412718123F009E7B1E /* ItemBackgroundColorTabBarVC.m */; };
		DCCB335C2718123F009E7B1E /* HybridGradientHelperTabBarVC.m in Sources */ = {isa = PBXBuildFile; fileRef = DCCB33442718123F009E7B1E /* HybridGradientHelperTabBarVC.m */; };
		DCCB335F2718128D009E7B1E /* TestTabBar.m in Sources */ = {isa = PBXBuildFile; fileRef = DCCB335E2718128D009E7B1E /* TestTabBar.m */; };
		DCCB3363271812F2009E7B1E /* WHGradientHelper.m in Sources */ = {isa = PBXBuildFile; fileRef = DCCB3361271812F2009E7B1E /* WHGradientHelper.m */; };
		DCCB336F271814F8009E7B1E /* BaseNavBarItem.m in Sources */ = {isa = PBXBuildFile; fileRef = DCCB3365271814F8009E7B1E /* BaseNavBarItem.m */; };
		DCCB3370271814F8009E7B1E /* BaseTableViewController.m in Sources */ = {isa = PBXBuildFile; fileRef = DCCB3366271814F8009E7B1E /* BaseTableViewController.m */; };
		DCCB3371271814F8009E7B1E /* BaseViewController.m in Sources */ = {isa = PBXBuildFile; fileRef = DCCB3367271814F8009E7B1E /* BaseViewController.m */; };
		DCCB3372271814F8009E7B1E /* BaseNavigationController.m in Sources */ = {isa = PBXBuildFile; fileRef = DCCB3368271814F8009E7B1E /* BaseNavigationController.m */; };
		DCCB338B2718157A009E7B1E /* UIButton+ContentLayout.m in Sources */ = {isa = PBXBuildFile; fileRef = DCCB33752718157A009E7B1E /* UIButton+ContentLayout.m */; };
		DCCB338C2718157A009E7B1E /* UIButton+CountDown.m in Sources */ = {isa = PBXBuildFile; fileRef = DCCB33762718157A009E7B1E /* UIButton+CountDown.m */; };
		DCCB338D2718157A009E7B1E /* UIView+Prompt.m in Sources */ = {isa = PBXBuildFile; fileRef = DCCB33792718157A009E7B1E /* UIView+Prompt.m */; };
		DCCB338E2718157A009E7B1E /* UIView+Frame.m in Sources */ = {isa = PBXBuildFile; fileRef = DCCB337A2718157A009E7B1E /* UIView+Frame.m */; };
		DCCB338F2718157A009E7B1E /* UIImage+Extension.m in Sources */ = {isa = PBXBuildFile; fileRef = DCCB337C2718157A009E7B1E /* UIImage+Extension.m */; };
		DCCB33902718157A009E7B1E /* UIAlertController+Block.m in Sources */ = {isa = PBXBuildFile; fileRef = DCCB337D2718157A009E7B1E /* UIAlertController+Block.m */; };
		DCCB33912718157A009E7B1E /* UIColor+Extension.m in Sources */ = {isa = PBXBuildFile; fileRef = DCCB33822718157A009E7B1E /* UIColor+Extension.m */; };
		DCCB33922718157A009E7B1E /* UIView+Blokc.m in Sources */ = {isa = PBXBuildFile; fileRef = DCCB33832718157A009E7B1E /* UIView+Blokc.m */; };
		DCCB33932718157A009E7B1E /* UIView+Extension.m in Sources */ = {isa = PBXBuildFile; fileRef = DCCB33872718157A009E7B1E /* UIView+Extension.m */; };
		DCCB33942718157A009E7B1E /* NSUserDefaults+Speed.m in Sources */ = {isa = PBXBuildFile; fileRef = DCCB33882718157A009E7B1E /* NSUserDefaults+Speed.m */; };
		DCCB33952718157A009E7B1E /* NSString+Size.m in Sources */ = {isa = PBXBuildFile; fileRef = DCCB33892718157A009E7B1E /* NSString+Size.m */; };
/* End PBXBuildFile section */

/* Begin PBXContainerItemProxy section */
		DCCB326D2717BF46009E7B1E /* PBXContainerItemProxy */ = {
			isa = PBXContainerItemProxy;
			containerPortal = DCCB32492717BF45009E7B1E /* Project object */;
			proxyType = 1;
			remoteGlobalIDString = DCCB32502717BF45009E7B1E;
			remoteInfo = SassFramework;
		};
		DCCB32772717BF47009E7B1E /* PBXContainerItemProxy */ = {
			isa = PBXContainerItemProxy;
			containerPortal = DCCB32492717BF45009E7B1E /* Project object */;
			proxyType = 1;
			remoteGlobalIDString = DCCB32502717BF45009E7B1E;
			remoteInfo = SassFramework;
		};
/* End PBXContainerItemProxy section */

/* Begin PBXFileReference section */
		17C1061D1F5F396C7367C3DE /* Pods_SassFrameworkTests.framework */ = {isa = PBXFileReference; explicitFileType = wrapper.framework; includeInIndex = 0; path = Pods_SassFrameworkTests.framework; sourceTree = BUILT_PRODUCTS_DIR; };
		554776E3D0589A81EFE8B0A2 /* Pods-SassFrameworkTests.release.xcconfig */ = {isa = PBXFileReference; includeInIndex = 1; lastKnownFileType = text.xcconfig; name = "Pods-SassFrameworkTests.release.xcconfig"; path = "Target Support Files/Pods-SassFrameworkTests/Pods-SassFrameworkTests.release.xcconfig"; sourceTree = "<group>"; };
		7BC8C8DCC789AC89E3725E6C /* Pods-SassFramework.debug.xcconfig */ = {isa = PBXFileReference; includeInIndex = 1; lastKnownFileType = text.xcconfig; name = "Pods-SassFramework.debug.xcconfig"; path = "Target Support Files/Pods-SassFramework/Pods-SassFramework.debug.xcconfig"; sourceTree = "<group>"; };
		828CAB64A5AFD9DD8B7E22BB /* Pods-SassFrameworkTests.debug.xcconfig */ = {isa = PBXFileReference; includeInIndex = 1; lastKnownFileType = text.xcconfig; name = "Pods-SassFrameworkTests.debug.xcconfig"; path = "Target Support Files/Pods-SassFrameworkTests/Pods-SassFrameworkTests.debug.xcconfig"; sourceTree = "<group>"; };
		9DCCF3C32A8A208974B25C09 /* Pods_SassFramework.framework */ = {isa = PBXFileReference; explicitFileType = wrapper.framework; includeInIndex = 0; path = Pods_SassFramework.framework; sourceTree = BUILT_PRODUCTS_DIR; };
		BF65E682554D7FD74059DD4E /* Pods-SassFramework-SassFrameworkUITests.debug.xcconfig */ = {isa = PBXFileReference; includeInIndex = 1; lastKnownFileType = text.xcconfig; name = "Pods-SassFramework-SassFrameworkUITests.debug.xcconfig"; path = "Target Support Files/Pods-SassFramework-SassFrameworkUITests/Pods-SassFramework-SassFrameworkUITests.debug.xcconfig"; sourceTree = "<group>"; };
		C56523F7C42F328C4261B89D /* Pods-SassFramework.release.xcconfig */ = {isa = PBXFileReference; includeInIndex = 1; lastKnownFileType = text.xcconfig; name = "Pods-SassFramework.release.xcconfig"; path = "Target Support Files/Pods-SassFramework/Pods-SassFramework.release.xcconfig"; sourceTree = "<group>"; };
		D5DB7335512F2C8DE70D819B /* Pods-SassFramework-SassFrameworkUITests.release.xcconfig */ = {isa = PBXFileReference; includeInIndex = 1; lastKnownFileType = text.xcconfig; name = "Pods-SassFramework-SassFrameworkUITests.release.xcconfig"; path = "Target Support Files/Pods-SassFramework-SassFrameworkUITests/Pods-SassFramework-SassFrameworkUITests.release.xcconfig"; sourceTree = "<group>"; };
		DCCB32512717BF45009E7B1E /* SassFramework.app */ = {isa = PBXFileReference; explicitFileType = wrapper.application; includeInIndex = 0; path = SassFramework.app; sourceTree = BUILT_PRODUCTS_DIR; };
		DCCB32542717BF45009E7B1E /* AppDelegate.h */ = {isa = PBXFileReference; lastKnownFileType = sourcecode.c.h; path = AppDelegate.h; sourceTree = "<group>"; };
		DCCB32552717BF45009E7B1E /* AppDelegate.m */ = {isa = PBXFileReference; lastKnownFileType = sourcecode.c.objc; path = AppDelegate.m; sourceTree = "<group>"; };
		DCCB325A2717BF45009E7B1E /* ViewController.h */ = {isa = PBXFileReference; lastKnownFileType = sourcecode.c.h; path = ViewController.h; sourceTree = "<group>"; };
		DCCB325B2717BF45009E7B1E /* ViewController.m */ = {isa = PBXFileReference; lastKnownFileType = sourcecode.c.objc; path = ViewController.m; sourceTree = "<group>"; };
		DCCB325E2717BF45009E7B1E /* Base */ = {isa = PBXFileReference; lastKnownFileType = file.storyboard; name = Base; path = Base.lproj/Main.storyboard; sourceTree = "<group>"; };
		DCCB32602717BF46009E7B1E /* Assets.xcassets */ = {isa = PBXFileReference; lastKnownFileType = folder.assetcatalog; path = Assets.xcassets; sourceTree = "<group>"; };
		DCCB32632717BF46009E7B1E /* Base */ = {isa = PBXFileReference; lastKnownFileType = file.storyboard; name = Base; path = Base.lproj/LaunchScreen.storyboard; sourceTree = "<group>"; };
		DCCB32652717BF46009E7B1E /* Info.plist */ = {isa = PBXFileReference; lastKnownFileType = text.plist.xml; path = Info.plist; sourceTree = "<group>"; };
		DCCB32662717BF46009E7B1E /* main.m */ = {isa = PBXFileReference; lastKnownFileType = sourcecode.c.objc; path = main.m; sourceTree = "<group>"; };
		DCCB326C2717BF46009E7B1E /* SassFrameworkTests.xctest */ = {isa = PBXFileReference; explicitFileType = wrapper.cfbundle; includeInIndex = 0; path = SassFrameworkTests.xctest; sourceTree = BUILT_PRODUCTS_DIR; };
		DCCB32702717BF46009E7B1E /* SassFrameworkTests.m */ = {isa = PBXFileReference; lastKnownFileType = sourcecode.c.objc; path = SassFrameworkTests.m; sourceTree = "<group>"; };
		DCCB32762717BF46009E7B1E /* SassFrameworkUITests.xctest */ = {isa = PBXFileReference; explicitFileType = wrapper.cfbundle; includeInIndex = 0; path = SassFrameworkUITests.xctest; sourceTree = BUILT_PRODUCTS_DIR; };
		DCCB327A2717BF47009E7B1E /* SassFrameworkUITests.m */ = {isa = PBXFileReference; lastKnownFileType = sourcecode.c.objc; path = SassFrameworkUITests.m; sourceTree = "<group>"; };
		DCCB327C2717BF47009E7B1E /* SassFrameworkUITestsLaunchTests.m */ = {isa = PBXFileReference; lastKnownFileType = sourcecode.c.objc; path = SassFrameworkUITestsLaunchTests.m; sourceTree = "<group>"; };
		DCCB328C2717FDA4009E7B1E /* FLAnimatedImage.m */ = {isa = PBXFileReference; fileEncoding = 4; lastKnownFileType = sourcecode.c.objc; path = FLAnimatedImage.m; sourceTree = "<group>"; };
		DCCB328D2717FDA4009E7B1E /* FLAnimatedImageView.m */ = {isa = PBXFileReference; fileEncoding = 4; lastKnownFileType = sourcecode.c.objc; path = FLAnimatedImageView.m; sourceTree = "<group>"; };
		DCCB328E2717FDA4009E7B1E /* FLAnimatedImage.h */ = {isa = PBXFileReference; fileEncoding = 4; lastKnownFileType = sourcecode.c.h; path = FLAnimatedImage.h; sourceTree = "<group>"; };
		DCCB328F2717FDA4009E7B1E /* FLAnimatedImageView.h */ = {isa = PBXFileReference; fileEncoding = 4; lastKnownFileType = sourcecode.c.h; path = FLAnimatedImageView.h; sourceTree = "<group>"; };
		DCCB32912717FDA4009E7B1E /* XHLaunchAdController.h */ = {isa = PBXFileReference; fileEncoding = 4; lastKnownFileType = sourcecode.c.h; path = XHLaunchAdController.h; sourceTree = "<group>"; };
		DCCB32922717FDA4009E7B1E /* XHLaunchAd.h */ = {isa = PBXFileReference; fileEncoding = 4; lastKnownFileType = sourcecode.c.h; path = XHLaunchAd.h; sourceTree = "<group>"; };
		DCCB32932717FDA4009E7B1E /* XHLaunchAdDownloader.h */ = {isa = PBXFileReference; fileEncoding = 4; lastKnownFileType = sourcecode.c.h; path = XHLaunchAdDownloader.h; sourceTree = "<group>"; };
		DCCB32942717FDA4009E7B1E /* XHLaunchAdView.m */ = {isa = PBXFileReference; fileEncoding = 4; lastKnownFileType = sourcecode.c.objc; path = XHLaunchAdView.m; sourceTree = "<group>"; };
		DCCB32952717FDA4009E7B1E /* XHLaunchAdCache.h */ = {isa = PBXFileReference; fileEncoding = 4; lastKnownFileType = sourcecode.c.h; path = XHLaunchAdCache.h; sourceTree = "<group>"; };
		DCCB32962717FDA4009E7B1E /* XHLaunchAdConfiguration.h */ = {isa = PBXFileReference; fileEncoding = 4; lastKnownFileType = sourcecode.c.h; path = XHLaunchAdConfiguration.h; sourceTree = "<group>"; };
		DCCB32972717FDA4009E7B1E /* XHLaunchAdButton.m */ = {isa = PBXFileReference; fileEncoding = 4; lastKnownFileType = sourcecode.c.objc; path = XHLaunchAdButton.m; sourceTree = "<group>"; };
		DCCB32982717FDA4009E7B1E /* XHLaunchAdImageView+XHLaunchAdCache.h */ = {isa = PBXFileReference; fileEncoding = 4; lastKnownFileType = sourcecode.c.h; path = "XHLaunchAdImageView+XHLaunchAdCache.h"; sourceTree = "<group>"; };
		DCCB32992717FDA4009E7B1E /* XHLaunchImageView.m */ = {isa = PBXFileReference; fileEncoding = 4; lastKnownFileType = sourcecode.c.objc; path = XHLaunchImageView.m; sourceTree = "<group>"; };
		DCCB329A2717FDA4009E7B1E /* XHLaunchAdConst.m */ = {isa = PBXFileReference; fileEncoding = 4; lastKnownFileType = sourcecode.c.objc; path = XHLaunchAdConst.m; sourceTree = "<group>"; };
		DCCB329B2717FDA4009E7B1E /* XHLaunchAdImageManager.h */ = {isa = PBXFileReference; fileEncoding = 4; lastKnownFileType = sourcecode.c.h; path = XHLaunchAdImageManager.h; sourceTree = "<group>"; };
		DCCB329C2717FDA4009E7B1E /* XHLaunchAd.m */ = {isa = PBXFileReference; fileEncoding = 4; lastKnownFileType = sourcecode.c.objc; path = XHLaunchAd.m; sourceTree = "<group>"; };
		DCCB329D2717FDA4009E7B1E /* XHLaunchAdController.m */ = {isa = PBXFileReference; fileEncoding = 4; lastKnownFileType = sourcecode.c.objc; path = XHLaunchAdController.m; sourceTree = "<group>"; };
		DCCB329E2717FDA4009E7B1E /* XHLaunchAdDownloader.m */ = {isa = PBXFileReference; fileEncoding = 4; lastKnownFileType = sourcecode.c.objc; path = XHLaunchAdDownloader.m; sourceTree = "<group>"; };
		DCCB329F2717FDA4009E7B1E /* XHLaunchImageView.h */ = {isa = PBXFileReference; fileEncoding = 4; lastKnownFileType = sourcecode.c.h; path = XHLaunchImageView.h; sourceTree = "<group>"; };
		DCCB32A02717FDA4009E7B1E /* XHLaunchAdImageView+XHLaunchAdCache.m */ = {isa = PBXFileReference; fileEncoding = 4; lastKnownFileType = sourcecode.c.objc; path = "XHLaunchAdImageView+XHLaunchAdCache.m"; sourceTree = "<group>"; };
		DCCB32A12717FDA4009E7B1E /* XHLaunchAdConfiguration.m */ = {isa = PBXFileReference; fileEncoding = 4; lastKnownFileType = sourcecode.c.objc; path = XHLaunchAdConfiguration.m; sourceTree = "<group>"; };
		DCCB32A22717FDA4009E7B1E /* XHLaunchAdButton.h */ = {isa = PBXFileReference; fileEncoding = 4; lastKnownFileType = sourcecode.c.h; path = XHLaunchAdButton.h; sourceTree = "<group>"; };
		DCCB32A32717FDA4009E7B1E /* XHLaunchAdCache.m */ = {isa = PBXFileReference; fileEncoding = 4; lastKnownFileType = sourcecode.c.objc; path = XHLaunchAdCache.m; sourceTree = "<group>"; };
		DCCB32A42717FDA4009E7B1E /* XHLaunchAdView.h */ = {isa = PBXFileReference; fileEncoding = 4; lastKnownFileType = sourcecode.c.h; path = XHLaunchAdView.h; sourceTree = "<group>"; };
		DCCB32A52717FDA4009E7B1E /* XHLaunchAdImageManager.m */ = {isa = PBXFileReference; fileEncoding = 4; lastKnownFileType = sourcecode.c.objc; path = XHLaunchAdImageManager.m; sourceTree = "<group>"; };
		DCCB32A62717FDA4009E7B1E /* XHLaunchAdConst.h */ = {isa = PBXFileReference; fileEncoding = 4; lastKnownFileType = sourcecode.c.h; path = XHLaunchAdConst.h; sourceTree = "<group>"; };
		DCCB32B52717FDBD009E7B1E /* LaunchVideoAd.json */ = {isa = PBXFileReference; fileEncoding = 4; lastKnownFileType = text.json; path = LaunchVideoAd.json; sourceTree = "<group>"; };
		DCCB32B62717FDBD009E7B1E /* video0.mp4 */ = {isa = PBXFileReference; lastKnownFileType = file; path = video0.mp4; sourceTree = "<group>"; };
		DCCB32B72717FDBD009E7B1E /* video1.mp4 */ = {isa = PBXFileReference; lastKnownFileType = file; path = video1.mp4; sourceTree = "<group>"; };
		DCCB32B82717FDBD009E7B1E /* LaunchImageAd.json */ = {isa = PBXFileReference; fileEncoding = 4; lastKnownFileType = text.json; path = LaunchImageAd.json; sourceTree = "<group>"; };
		DCCB32B92717FDBD009E7B1E /* image4.jpg */ = {isa = PBXFileReference; lastKnownFileType = image.jpeg; path = image4.jpg; sourceTree = "<group>"; };
		DCCB32BA2717FDBD009E7B1E /* image1.jpg */ = {isa = PBXFileReference; lastKnownFileType = image.jpeg; path = image1.jpg; sourceTree = "<group>"; };
		DCCB32BB2717FDBD009E7B1E /* image12.gif */ = {isa = PBXFileReference; lastKnownFileType = image.gif; path = image12.gif; sourceTree = "<group>"; };
		DCCB32BC2717FDBD009E7B1E /* image0.jpg */ = {isa = PBXFileReference; lastKnownFileType = image.jpeg; path = image0.jpg; sourceTree = "<group>"; };
		DCCB32BD2717FDBD009E7B1E /* image2.jpg */ = {isa = PBXFileReference; lastKnownFileType = image.jpeg; path = image2.jpg; sourceTree = "<group>"; };
		DCCB32BE2717FDBD009E7B1E /* image3.jpg */ = {isa = PBXFileReference; lastKnownFileType = image.jpeg; path = image3.jpg; sourceTree = "<group>"; };
		DCCB32DF2717FEA3009E7B1E /* XHLaunchAdManager.h */ = {isa = PBXFileReference; fileEncoding = 4; lastKnownFileType = sourcecode.c.h; path = XHLaunchAdManager.h; sourceTree = "<group>"; };
		DCCB32E02717FEA4009E7B1E /* XHLaunchAdManager.m */ = {isa = PBXFileReference; fileEncoding = 4; lastKnownFileType = sourcecode.c.objc; path = XHLaunchAdManager.m; sourceTree = "<group>"; };
		DCCB32E22717FF9D009E7B1E /* WebViewController.h */ = {isa = PBXFileReference; fileEncoding = 4; lastKnownFileType = sourcecode.c.h; path = WebViewController.h; sourceTree = "<group>"; };
		DCCB32E32717FF9D009E7B1E /* WebViewController.m */ = {isa = PBXFileReference; fileEncoding = 4; lastKnownFileType = sourcecode.c.objc; path = WebViewController.m; sourceTree = "<group>"; };
		DCCB32E52717FF9D009E7B1E /* LaunchAdModel.h */ = {isa = PBXFileReference; fileEncoding = 4; lastKnownFileType = sourcecode.c.h; path = LaunchAdModel.h; sourceTree = "<group>"; };
		DCCB32E62717FF9D009E7B1E /* LaunchAdModel.m */ = {isa = PBXFileReference; fileEncoding = 4; lastKnownFileType = sourcecode.c.objc; path = LaunchAdModel.m; sourceTree = "<group>"; };
		DCCB32E92717FF9D009E7B1E /* Network.m */ = {isa = PBXFileReference; fileEncoding = 4; lastKnownFileType = sourcecode.c.objc; path = Network.m; sourceTree = "<group>"; };
		DCCB32EA2717FF9D009E7B1E /* Network.h */ = {isa = PBXFileReference; fileEncoding = 4; lastKnownFileType = sourcecode.c.h; path = Network.h; sourceTree = "<group>"; };
		DCCB32EC2717FF9D009E7B1E /* UIViewController+Nav.h */ = {isa = PBXFileReference; fileEncoding = 4; lastKnownFileType = sourcecode.c.h; path = "UIViewController+Nav.h"; sourceTree = "<group>"; };
		DCCB32ED2717FF9D009E7B1E /* UIViewController+Nav.m */ = {isa = PBXFileReference; fileEncoding = 4; lastKnownFileType = sourcecode.c.objc; path = "UIViewController+Nav.m"; sourceTree = "<group>"; };
		DCCB32F327181142009E7B1E /* AxcAE_TabBarBadge.m */ = {isa = PBXFileReference; fileEncoding = 4; lastKnownFileType = sourcecode.c.objc; path = AxcAE_TabBarBadge.m; sourceTree = "<group>"; };
		DCCB32F427181142009E7B1E /* AxcAE_TabBarItem.h */ = {isa = PBXFileReference; fileEncoding = 4; lastKnownFileType = sourcecode.c.h; path = AxcAE_TabBarItem.h; sourceTree = "<group>"; };
		DCCB32F527181142009E7B1E /* AxcAE_TabBar.m */ = {isa = PBXFileReference; fileEncoding = 4; lastKnownFileType = sourcecode.c.objc; path = AxcAE_TabBar.m; sourceTree = "<group>"; };
		DCCB32F627181142009E7B1E /* AxcAE_TabBarDefine.h */ = {isa = PBXFileReference; fileEncoding = 4; lastKnownFileType = sourcecode.c.h; path = AxcAE_TabBarDefine.h; sourceTree = "<group>"; };
		DCCB32F727181142009E7B1E /* AxcAE_TabBar.h */ = {isa = PBXFileReference; fileEncoding = 4; lastKnownFileType = sourcecode.c.h; path = AxcAE_TabBar.h; sourceTree = "<group>"; };
		DCCB32F827181142009E7B1E /* AxcAE_TabBarItem.m */ = {isa = PBXFileReference; fileEncoding = 4; lastKnownFileType = sourcecode.c.objc; path = AxcAE_TabBarItem.m; sourceTree = "<group>"; };
		DCCB32F927181142009E7B1E /* AxcAE_TabBarBadge.h */ = {isa = PBXFileReference; fileEncoding = 4; lastKnownFileType = sourcecode.c.h; path = AxcAE_TabBarBadge.h; sourceTree = "<group>"; };
		DCCB32FD27181213009E7B1E /* JianShuTabBarVC.m */ = {isa = PBXFileReference; fileEncoding = 4; lastKnownFileType = sourcecode.c.objc; path = JianShuTabBarVC.m; sourceTree = "<group>"; };
		DCCB32FE27181213009E7B1E /* JianShuTabBarVC.h */ = {isa = PBXFileReference; fileEncoding = 4; lastKnownFileType = sourcecode.c.h; path = JianShuTabBarVC.h; sourceTree = "<group>"; };
		DCCB33022718123F009E7B1E /* CustomImageSelColorTabBarVC.m */ = {isa = PBXFileReference; fileEncoding = 4; lastKnownFileType = sourcecode.c.objc; path = CustomImageSelColorTabBarVC.m; sourceTree = "<group>"; };
		DCCB33032718123F009E7B1E /* CustomImageSelColorTabBarVC.h */ = {isa = PBXFileReference; fileEncoding = 4; lastKnownFileType = sourcecode.c.h; path = CustomImageSelColorTabBarVC.h; sourceTree = "<group>"; };
		DCCB33052718123F009E7B1E /* CustomImageTabBarVC.m */ = {isa = PBXFileReference; fileEncoding = 4; lastKnownFileType = sourcecode.c.objc; path = CustomImageTabBarVC.m; sourceTree = "<group>"; };
		DCCB33062718123F009E7B1E /* CustomImageTabBarVC.h */ = {isa = PBXFileReference; fileEncoding = 4; lastKnownFileType = sourcecode.c.h; path = CustomImageTabBarVC.h; sourceTree = "<group>"; };
		DCCB33082718123F009E7B1E /* ItemSizeLayoutTabBarVC.h */ = {isa = PBXFileReference; fileEncoding = 4; lastKnownFileType = sourcecode.c.h; path = ItemSizeLayoutTabBarVC.h; sourceTree = "<group>"; };
		DCCB33092718123F009E7B1E /* ItemSizeLayoutTabBarVC.m */ = {isa = PBXFileReference; fileEncoding = 4; lastKnownFileType = sourcecode.c.objc; path = ItemSizeLayoutTabBarVC.m; sourceTree = "<group>"; };
		DCCB330B2718123F009E7B1E /* WHGradientHelperGradientTabBarVC2.m */ = {isa = PBXFileReference; fileEncoding = 4; lastKnownFileType = sourcecode.c.objc; path = WHGradientHelperGradientTabBarVC2.m; sourceTree = "<group>"; };
		DCCB330C2718123F009E7B1E /* WHGradientHelperGradientTabBarVC2.h */ = {isa = PBXFileReference; fileEncoding = 4; lastKnownFileType = sourcecode.c.h; path = WHGradientHelperGradientTabBarVC2.h; sourceTree = "<group>"; };
		DCCB330E2718123F009E7B1E /* WHGradientHelperGradientTabBarVC.m */ = {isa = PBXFileReference; fileEncoding = 4; lastKnownFileType = sourcecode.c.objc; path = WHGradientHelperGradientTabBarVC.m; sourceTree = "<group>"; };
		DCCB330F2718123F009E7B1E /* WHGradientHelperGradientTabBarVC.h */ = {isa = PBXFileReference; fileEncoding = 4; lastKnownFileType = sourcecode.c.h; path = WHGradientHelperGradientTabBarVC.h; sourceTree = "<group>"; };
		DCCB33112718123F009E7B1E /* WHGradientHelperGradientTabBarVC4.h */ = {isa = PBXFileReference; fileEncoding = 4; lastKnownFileType = sourcecode.c.h; path = WHGradientHelperGradientTabBarVC4.h; sourceTree = "<group>"; };
		DCCB33122718123F009E7B1E /* WHGradientHelperGradientTabBarVC4.m */ = {isa = PBXFileReference; fileEncoding = 4; lastKnownFileType = sourcecode.c.objc; path = WHGradientHelperGradientTabBarVC4.m; sourceTree = "<group>"; };
		DCCB33142718123F009E7B1E /* WHGradientHelperGradientTabBarVC3.h */ = {isa = PBXFileReference; fileEncoding = 4; lastKnownFileType = sourcecode.c.h; path = WHGradientHelperGradientTabBarVC3.h; sourceTree = "<group>"; };
		DCCB33152718123F009E7B1E /* WHGradientHelperGradientTabBarVC3.m */ = {isa = PBXFileReference; fileEncoding = 4; lastKnownFileType = sourcecode.c.objc; path = WHGradientHelperGradientTabBarVC3.m; sourceTree = "<group>"; };
		DCCB33172718123F009E7B1E /* ItemTingColorTabBarVC.m */ = {isa = PBXFileReference; fileEncoding = 4; lastKnownFileType = sourcecode.c.objc; path = ItemTingColorTabBarVC.m; sourceTree = "<group>"; };
		DCCB33182718123F009E7B1E /* ItemTingColorTabBarVC.h */ = {isa = PBXFileReference; fileEncoding = 4; lastKnownFileType = sourcecode.c.h; path = ItemTingColorTabBarVC.h; sourceTree = "<group>"; };
		DCCB331A2718123F009E7B1E /* ImageTranslucentTabBarVC.h */ = {isa = PBXFileReference; fileEncoding = 4; lastKnownFileType = sourcecode.c.h; path = ImageTranslucentTabBarVC.h; sourceTree = "<group>"; };
		DCCB331B2718123F009E7B1E /* ImageTranslucentTabBarVC.m */ = {isa = PBXFileReference; fileEncoding = 4; lastKnownFileType = sourcecode.c.objc; path = ImageTranslucentTabBarVC.m; sourceTree = "<group>"; };
		DCCB331D2718123F009E7B1E /* ItemCustomBadgeTabBarVC.h */ = {isa = PBXFileReference; fileEncoding = 4; lastKnownFileType = sourcecode.c.h; path = ItemCustomBadgeTabBarVC.h; sourceTree = "<group>"; };
		DCCB331E2718123F009E7B1E /* ItemCustomBadgeTabBarVC.m */ = {isa = PBXFileReference; fileEncoding = 4; lastKnownFileType = sourcecode.c.objc; path = ItemCustomBadgeTabBarVC.m; sourceTree = "<group>"; };
		DCCB33202718123F009E7B1E /* MultipleBulgeCircularTabBarVC.m */ = {isa = PBXFileReference; fileEncoding = 4; lastKnownFileType = sourcecode.c.objc; path = MultipleBulgeCircularTabBarVC.m; sourceTree = "<group>"; };
		DCCB33212718123F009E7B1E /* MultipleBulgeCircularTabBarVC.h */ = {isa = PBXFileReference; fileEncoding = 4; lastKnownFileType = sourcecode.c.h; path = MultipleBulgeCircularTabBarVC.h; sourceTree = "<group>"; };
		DCCB33232718123F009E7B1E /* WHGradientHelperGradientItemTabBarVC.h */ = {isa = PBXFileReference; fileEncoding = 4; lastKnownFileType = sourcecode.c.h; path = WHGradientHelperGradientItemTabBarVC.h; sourceTree = "<group>"; };
		DCCB33242718123F009E7B1E /* WHGradientHelperGradientItemTabBarVC.m */ = {isa = PBXFileReference; fileEncoding = 4; lastKnownFileType = sourcecode.c.objc; path = WHGradientHelperGradientItemTabBarVC.m; sourceTree = "<group>"; };
		DCCB33262718123F009E7B1E /* BulgeCircularTabBarVC.m */ = {isa = PBXFileReference; fileEncoding = 4; lastKnownFileType = sourcecode.c.objc; path = BulgeCircularTabBarVC.m; sourceTree = "<group>"; };
		DCCB33272718123F009E7B1E /* BulgeCircularTabBarVC.h */ = {isa = PBXFileReference; fileEncoding = 4; lastKnownFileType = sourcecode.c.h; path = BulgeCircularTabBarVC.h; sourceTree = "<group>"; };
		DCCB33292718123F009E7B1E /* ItemSizeAlignmentTabBarVC.h */ = {isa = PBXFileReference; fileEncoding = 4; lastKnownFileType = sourcecode.c.h; path = ItemSizeAlignmentTabBarVC.h; sourceTree = "<group>"; };
		DCCB332A2718123F009E7B1E /* ItemSizeAlignmentTabBarVC.m */ = {isa = PBXFileReference; fileEncoding = 4; lastKnownFileType = sourcecode.c.objc; path = ItemSizeAlignmentTabBarVC.m; sourceTree = "<group>"; };
		DCCB332C2718123F009E7B1E /* ItemCustomAnimationTabBarVC.h */ = {isa = PBXFileReference; fileEncoding = 4; lastKnownFileType = sourcecode.c.h; path = ItemCustomAnimationTabBarVC.h; sourceTree = "<group>"; };
		DCCB332D2718123F009E7B1E /* ItemCustomAnimationTabBarVC.m */ = {isa = PBXFileReference; fileEncoding = 4; lastKnownFileType = sourcecode.c.objc; path = ItemCustomAnimationTabBarVC.m; sourceTree = "<group>"; };
		DCCB332F2718123F009E7B1E /* ItemBackgroundImageTabBarVC.h */ = {isa = PBXFileReference; fileEncoding = 4; lastKnownFileType = sourcecode.c.h; path = ItemBackgroundImageTabBarVC.h; sourceTree = "<group>"; };
		DCCB33302718123F009E7B1E /* ItemBackgroundImageTabBarVC.m */ = {isa = PBXFileReference; fileEncoding = 4; lastKnownFileType = sourcecode.c.objc; path = ItemBackgroundImageTabBarVC.m; sourceTree = "<group>"; };
		DCCB33322718123F009E7B1E /* BaseTabBar.h */ = {isa = PBXFileReference; fileEncoding = 4; lastKnownFileType = sourcecode.c.h; path = BaseTabBar.h; sourceTree = "<group>"; };
		DCCB33332718123F009E7B1E /* BaseTabBar.m */ = {isa = PBXFileReference; fileEncoding = 4; lastKnownFileType = sourcecode.c.objc; path = BaseTabBar.m; sourceTree = "<group>"; };
		DCCB33352718123F009E7B1E /* MultipleBulgeHybridTabBarVC.m */ = {isa = PBXFileReference; fileEncoding = 4; lastKnownFileType = sourcecode.c.objc; path = MultipleBulgeHybridTabBarVC.m; sourceTree = "<group>"; };
		DCCB33362718123F009E7B1E /* MultipleBulgeHybridTabBarVC.h */ = {isa = PBXFileReference; fileEncoding = 4; lastKnownFileType = sourcecode.c.h; path = MultipleBulgeHybridTabBarVC.h; sourceTree = "<group>"; };
		DCCB33382718123F009E7B1E /* BulgeSquareTabBarVC.m */ = {isa = PBXFileReference; fileEncoding = 4; lastKnownFileType = sourcecode.c.objc; path = BulgeSquareTabBarVC.m; sourceTree = "<group>"; };
		DCCB33392718123F009E7B1E /* BulgeSquareTabBarVC.h */ = {isa = PBXFileReference; fileEncoding = 4; lastKnownFileType = sourcecode.c.h; path = BulgeSquareTabBarVC.h; sourceTree = "<group>"; };
		DCCB333B2718123F009E7B1E /* ItemSizeTabBarVC.m */ = {isa = PBXFileReference; fileEncoding = 4; lastKnownFileType = sourcecode.c.objc; path = ItemSizeTabBarVC.m; sourceTree = "<group>"; };
		DCCB333C2718123F009E7B1E /* ItemSizeTabBarVC.h */ = {isa = PBXFileReference; fileEncoding = 4; lastKnownFileType = sourcecode.c.h; path = ItemSizeTabBarVC.h; sourceTree = "<group>"; };
		DCCB333E2718123F009E7B1E /* BasedUsingTabBarVC.h */ = {isa = PBXFileReference; fileEncoding = 4; lastKnownFileType = sourcecode.c.h; path = BasedUsingTabBarVC.h; sourceTree = "<group>"; };
		DCCB333F2718123F009E7B1E /* BasedUsingTabBarVC.m */ = {isa = PBXFileReference; fileEncoding = 4; lastKnownFileType = sourcecode.c.objc; path = BasedUsingTabBarVC.m; sourceTree = "<group>"; };
		DCCB33412718123F009E7B1E /* ItemBackgroundColorTabBarVC.m */ = {isa = PBXFileReference; fileEncoding = 4; lastKnownFileType = sourcecode.c.objc; path = ItemBackgroundColorTabBarVC.m; sourceTree = "<group>"; };
		DCCB33422718123F009E7B1E /* ItemBackgroundColorTabBarVC.h */ = {isa = PBXFileReference; fileEncoding = 4; lastKnownFileType = sourcecode.c.h; path = ItemBackgroundColorTabBarVC.h; sourceTree = "<group>"; };
		DCCB33442718123F009E7B1E /* HybridGradientHelperTabBarVC.m */ = {isa = PBXFileReference; fileEncoding = 4; lastKnownFileType = sourcecode.c.objc; path = HybridGradientHelperTabBarVC.m; sourceTree = "<group>"; };
		DCCB33452718123F009E7B1E /* HybridGradientHelperTabBarVC.h */ = {isa = PBXFileReference; fileEncoding = 4; lastKnownFileType = sourcecode.c.h; path = HybridGradientHelperTabBarVC.h; sourceTree = "<group>"; };
		DCCB335D2718128D009E7B1E /* TestTabBar.h */ = {isa = PBXFileReference; fileEncoding = 4; lastKnownFileType = sourcecode.c.h; path = TestTabBar.h; sourceTree = "<group>"; };
		DCCB335E2718128D009E7B1E /* TestTabBar.m */ = {isa = PBXFileReference; fileEncoding = 4; lastKnownFileType = sourcecode.c.objc; path = TestTabBar.m; sourceTree = "<group>"; };
		DCCB3361271812F2009E7B1E /* WHGradientHelper.m */ = {isa = PBXFileReference; fileEncoding = 4; lastKnownFileType = sourcecode.c.objc; path = WHGradientHelper.m; sourceTree = "<group>"; };
		DCCB3362271812F2009E7B1E /* WHGradientHelper.h */ = {isa = PBXFileReference; fileEncoding = 4; lastKnownFileType = sourcecode.c.h; path = WHGradientHelper.h; sourceTree = "<group>"; };
		DCCB3365271814F8009E7B1E /* BaseNavBarItem.m */ = {isa = PBXFileReference; fileEncoding = 4; lastKnownFileType = sourcecode.c.objc; path = BaseNavBarItem.m; sourceTree = "<group>"; };
		DCCB3366271814F8009E7B1E /* BaseTableViewController.m */ = {isa = PBXFileReference; fileEncoding = 4; lastKnownFileType = sourcecode.c.objc; path = BaseTableViewController.m; sourceTree = "<group>"; };
		DCCB3367271814F8009E7B1E /* BaseViewController.m */ = {isa = PBXFileReference; fileEncoding = 4; lastKnownFileType = sourcecode.c.objc; path = BaseViewController.m; sourceTree = "<group>"; };
		DCCB3368271814F8009E7B1E /* BaseNavigationController.m */ = {isa = PBXFileReference; fileEncoding = 4; lastKnownFileType = sourcecode.c.objc; path = BaseNavigationController.m; sourceTree = "<group>"; };
		DCCB336A271814F8009E7B1E /* BaseNavBarItem.h */ = {isa = PBXFileReference; fileEncoding = 4; lastKnownFileType = sourcecode.c.h; path = BaseNavBarItem.h; sourceTree = "<group>"; };
		DCCB336B271814F8009E7B1E /* BaseTableViewController.h */ = {isa = PBXFileReference; fileEncoding = 4; lastKnownFileType = sourcecode.c.h; path = BaseTableViewController.h; sourceTree = "<group>"; };
		DCCB336C271814F8009E7B1E /* BaseNavigationController.h */ = {isa = PBXFileReference; fileEncoding = 4; lastKnownFileType = sourcecode.c.h; path = BaseNavigationController.h; sourceTree = "<group>"; };
		DCCB336D271814F8009E7B1E /* BaseViewController.h */ = {isa = PBXFileReference; fileEncoding = 4; lastKnownFileType = sourcecode.c.h; path = BaseViewController.h; sourceTree = "<group>"; };
		DCCB33752718157A009E7B1E /* UIButton+ContentLayout.m */ = {isa = PBXFileReference; fileEncoding = 4; lastKnownFileType = sourcecode.c.objc; path = "UIButton+ContentLayout.m"; sourceTree = "<group>"; };
		DCCB33762718157A009E7B1E /* UIButton+CountDown.m */ = {isa = PBXFileReference; fileEncoding = 4; lastKnownFileType = sourcecode.c.objc; path = "UIButton+CountDown.m"; sourceTree = "<group>"; };
		DCCB33772718157A009E7B1E /* UIView+Blokc.h */ = {isa = PBXFileReference; fileEncoding = 4; lastKnownFileType = sourcecode.c.h; path = "UIView+Blokc.h"; sourceTree = "<group>"; };
		DCCB33782718157A009E7B1E /* UIColor+Extension.h */ = {isa = PBXFileReference; fileEncoding = 4; lastKnownFileType = sourcecode.c.h; path = "UIColor+Extension.h"; sourceTree = "<group>"; };
		DCCB33792718157A009E7B1E /* UIView+Prompt.m */ = {isa = PBXFileReference; fileEncoding = 4; lastKnownFileType = sourcecode.c.objc; path = "UIView+Prompt.m"; sourceTree = "<group>"; };
		DCCB337A2718157A009E7B1E /* UIView+Frame.m */ = {isa = PBXFileReference; fileEncoding = 4; lastKnownFileType = sourcecode.c.objc; path = "UIView+Frame.m"; sourceTree = "<group>"; };
		DCCB337B2718157A009E7B1E /* UIView+Extension.h */ = {isa = PBXFileReference; fileEncoding = 4; lastKnownFileType = sourcecode.c.h; path = "UIView+Extension.h"; sourceTree = "<group>"; };
		DCCB337C2718157A009E7B1E /* UIImage+Extension.m */ = {isa = PBXFileReference; fileEncoding = 4; lastKnownFileType = sourcecode.c.objc; path = "UIImage+Extension.m"; sourceTree = "<group>"; };
		DCCB337D2718157A009E7B1E /* UIAlertController+Block.m */ = {isa = PBXFileReference; fileEncoding = 4; lastKnownFileType = sourcecode.c.objc; path = "UIAlertController+Block.m"; sourceTree = "<group>"; };
		DCCB337E2718157A009E7B1E /* NSString+Size.h */ = {isa = PBXFileReference; fileEncoding = 4; lastKnownFileType = sourcecode.c.h; path = "NSString+Size.h"; sourceTree = "<group>"; };
		DCCB337F2718157A009E7B1E /* NSUserDefaults+Speed.h */ = {isa = PBXFileReference; fileEncoding = 4; lastKnownFileType = sourcecode.c.h; path = "NSUserDefaults+Speed.h"; sourceTree = "<group>"; };
		DCCB33802718157A009E7B1E /* UIButton+ContentLayout.h */ = {isa = PBXFileReference; fileEncoding = 4; lastKnownFileType = sourcecode.c.h; path = "UIButton+ContentLayout.h"; sourceTree = "<group>"; };
		DCCB33812718157A009E7B1E /* UIView+Prompt.h */ = {isa = PBXFileReference; fileEncoding = 4; lastKnownFileType = sourcecode.c.h; path = "UIView+Prompt.h"; sourceTree = "<group>"; };
		DCCB33822718157A009E7B1E /* UIColor+Extension.m */ = {isa = PBXFileReference; fileEncoding = 4; lastKnownFileType = sourcecode.c.objc; path = "UIColor+Extension.m"; sourceTree = "<group>"; };
		DCCB33832718157A009E7B1E /* UIView+Blokc.m */ = {isa = PBXFileReference; fileEncoding = 4; lastKnownFileType = sourcecode.c.objc; path = "UIView+Blokc.m"; sourceTree = "<group>"; };
		DCCB33842718157A009E7B1E /* UIButton+CountDown.h */ = {isa = PBXFileReference; fileEncoding = 4; lastKnownFileType = sourcecode.c.h; path = "UIButton+CountDown.h"; sourceTree = "<group>"; };
		DCCB33852718157A009E7B1E /* UIImage+Extension.h */ = {isa = PBXFileReference; fileEncoding = 4; lastKnownFileType = sourcecode.c.h; path = "UIImage+Extension.h"; sourceTree = "<group>"; };
		DCCB33862718157A009E7B1E /* UIView+Frame.h */ = {isa = PBXFileReference; fileEncoding = 4; lastKnownFileType = sourcecode.c.h; path = "UIView+Frame.h"; sourceTree = "<group>"; };
		DCCB33872718157A009E7B1E /* UIView+Extension.m */ = {isa = PBXFileReference; fileEncoding = 4; lastKnownFileType = sourcecode.c.objc; path = "UIView+Extension.m"; sourceTree = "<group>"; };
		DCCB33882718157A009E7B1E /* NSUserDefaults+Speed.m */ = {isa = PBXFileReference; fileEncoding = 4; lastKnownFileType = sourcecode.c.objc; path = "NSUserDefaults+Speed.m"; sourceTree = "<group>"; };
		DCCB33892718157A009E7B1E /* NSString+Size.m */ = {isa = PBXFileReference; fileEncoding = 4; lastKnownFileType = sourcecode.c.objc; path = "NSString+Size.m"; sourceTree = "<group>"; };
		DCCB338A2718157A009E7B1E /* UIAlertController+Block.h */ = {isa = PBXFileReference; fileEncoding = 4; lastKnownFileType = sourcecode.c.h; path = "UIAlertController+Block.h"; sourceTree = "<group>"; };
		DCCB33A527181BEB009E7B1E /* PrefixHeader.pch */ = {isa = PBXFileReference; fileEncoding = 4; lastKnownFileType = sourcecode.c.h; path = PrefixHeader.pch; sourceTree = "<group>"; };
		E163AB61F5D45B0D1DD60A07 /* Pods_SassFramework_SassFrameworkUITests.framework */ = {isa = PBXFileReference; explicitFileType = wrapper.framework; includeInIndex = 0; path = Pods_SassFramework_SassFrameworkUITests.framework; sourceTree = BUILT_PRODUCTS_DIR; };
/* End PBXFileReference section */

/* Begin PBXFrameworksBuildPhase section */
		DCCB324E2717BF45009E7B1E /* Frameworks */ = {
			isa = PBXFrameworksBuildPhase;
			buildActionMask = 2147483647;
			files = (
				865BA5A6ED1F5CDF52F09AE5 /* Pods_SassFramework.framework in Frameworks */,
			);
			runOnlyForDeploymentPostprocessing = 0;
		};
		DCCB32692717BF46009E7B1E /* Frameworks */ = {
			isa = PBXFrameworksBuildPhase;
			buildActionMask = 2147483647;
			files = (
				D74D82D438A98EFD469ADA3F /* Pods_SassFrameworkTests.framework in Frameworks */,
			);
			runOnlyForDeploymentPostprocessing = 0;
		};
		DCCB32732717BF46009E7B1E /* Frameworks */ = {
			isa = PBXFrameworksBuildPhase;
			buildActionMask = 2147483647;
			files = (
				4AC8521B5236AB731ED2C3AE /* Pods_SassFramework_SassFrameworkUITests.framework in Frameworks */,
			);
			runOnlyForDeploymentPostprocessing = 0;
		};
/* End PBXFrameworksBuildPhase section */

/* Begin PBXGroup section */
		92F6A6AC7AB4ED9C9E0E924F /* Frameworks */ = {
			isa = PBXGroup;
			children = (
				9DCCF3C32A8A208974B25C09 /* Pods_SassFramework.framework */,
				E163AB61F5D45B0D1DD60A07 /* Pods_SassFramework_SassFrameworkUITests.framework */,
				17C1061D1F5F396C7367C3DE /* Pods_SassFrameworkTests.framework */,
			);
			name = Frameworks;
			sourceTree = "<group>";
		};
		CA4649DBFA9C39B0CC4675B2 /* Pods */ = {
			isa = PBXGroup;
			children = (
				7BC8C8DCC789AC89E3725E6C /* Pods-SassFramework.debug.xcconfig */,
				C56523F7C42F328C4261B89D /* Pods-SassFramework.release.xcconfig */,
				BF65E682554D7FD74059DD4E /* Pods-SassFramework-SassFrameworkUITests.debug.xcconfig */,
				D5DB7335512F2C8DE70D819B /* Pods-SassFramework-SassFrameworkUITests.release.xcconfig */,
				828CAB64A5AFD9DD8B7E22BB /* Pods-SassFrameworkTests.debug.xcconfig */,
				554776E3D0589A81EFE8B0A2 /* Pods-SassFrameworkTests.release.xcconfig */,
			);
			path = Pods;
			sourceTree = "<group>";
		};
		DCCB32482717BF45009E7B1E = {
			isa = PBXGroup;
			children = (
				DCCB32532717BF45009E7B1E /* SassFramework */,
				DCCB326F2717BF46009E7B1E /* SassFrameworkTests */,
				DCCB32792717BF47009E7B1E /* SassFrameworkUITests */,
				DCCB32522717BF45009E7B1E /* Products */,
				CA4649DBFA9C39B0CC4675B2 /* Pods */,
				92F6A6AC7AB4ED9C9E0E924F /* Frameworks */,
			);
			sourceTree = "<group>";
		};
		DCCB32522717BF45009E7B1E /* Products */ = {
			isa = PBXGroup;
			children = (
				DCCB32512717BF45009E7B1E /* SassFramework.app */,
				DCCB326C2717BF46009E7B1E /* SassFrameworkTests.xctest */,
				DCCB32762717BF46009E7B1E /* SassFrameworkUITests.xctest */,
			);
			name = Products;
			sourceTree = "<group>";
		};
		DCCB32532717BF45009E7B1E /* SassFramework */ = {
			isa = PBXGroup;
			children = (
				DCCB33A527181BEB009E7B1E /* PrefixHeader.pch */,
				DCCB33A727181ED4009E7B1E /* Lib */,
				DCCB33A627181EB7009E7B1E /* Tabar */,
				DCCB33742718157A009E7B1E /* Category */,
				DCCB3364271814F8009E7B1E /* Base */,
				DCCB3360271812F2009E7B1E /* WHGradientHelper */,
				DCCB33002718123F009E7B1E /* SubTabBarVC */,
				DCCB32F227181142009E7B1E /* AxcAE_TabBar */,
				DCCB32B42717FDBD009E7B1E /* Source */,
				DCCB32892717FDA4009E7B1E /* XHLaunchAd */,
				DCCB32542717BF45009E7B1E /* AppDelegate.h */,
				DCCB32552717BF45009E7B1E /* AppDelegate.m */,
				DCCB325A2717BF45009E7B1E /* ViewController.h */,
				DCCB325B2717BF45009E7B1E /* ViewController.m */,
				DCCB325D2717BF45009E7B1E /* Main.storyboard */,
				DCCB32602717BF46009E7B1E /* Assets.xcassets */,
				DCCB32622717BF46009E7B1E /* LaunchScreen.storyboard */,
				DCCB32652717BF46009E7B1E /* Info.plist */,
				DCCB32662717BF46009E7B1E /* main.m */,
			);
			path = SassFramework;
			sourceTree = "<group>";
		};
		DCCB326F2717BF46009E7B1E /* SassFrameworkTests */ = {
			isa = PBXGroup;
			children = (
				DCCB32702717BF46009E7B1E /* SassFrameworkTests.m */,
			);
			path = SassFrameworkTests;
			sourceTree = "<group>";
		};
		DCCB32792717BF47009E7B1E /* SassFrameworkUITests */ = {
			isa = PBXGroup;
			children = (
				DCCB327A2717BF47009E7B1E /* SassFrameworkUITests.m */,
				DCCB327C2717BF47009E7B1E /* SassFrameworkUITestsLaunchTests.m */,
			);
			path = SassFrameworkUITests;
			sourceTree = "<group>";
		};
		DCCB32892717FDA4009E7B1E /* XHLaunchAd */ = {
			isa = PBXGroup;
			children = (
				DCCB32E42717FF9D009E7B1E /* Model */,
				DCCB32E72717FF9D009E7B1E /* Tools */,
				DCCB32E22717FF9D009E7B1E /* WebViewController.h */,
				DCCB32E32717FF9D009E7B1E /* WebViewController.m */,
				DCCB328A2717FDA4009E7B1E /* Lib */,
				DCCB32902717FDA4009E7B1E /* XHLaunchAd */,
			);
			path = XHLaunchAd;
			sourceTree = "<group>";
		};
		DCCB328A2717FDA4009E7B1E /* Lib */ = {
			isa = PBXGroup;
			children = (
				DCCB328B2717FDA4009E7B1E /* FLAnimatedImage */,
			);
			path = Lib;
			sourceTree = "<group>";
		};
		DCCB328B2717FDA4009E7B1E /* FLAnimatedImage */ = {
			isa = PBXGroup;
			children = (
				DCCB328C2717FDA4009E7B1E /* FLAnimatedImage.m */,
				DCCB328D2717FDA4009E7B1E /* FLAnimatedImageView.m */,
				DCCB328E2717FDA4009E7B1E /* FLAnimatedImage.h */,
				DCCB328F2717FDA4009E7B1E /* FLAnimatedImageView.h */,
			);
			path = FLAnimatedImage;
			sourceTree = "<group>";
		};
		DCCB32902717FDA4009E7B1E /* XHLaunchAd */ = {
			isa = PBXGroup;
			children = (
				DCCB32912717FDA4009E7B1E /* XHLaunchAdController.h */,
				DCCB32922717FDA4009E7B1E /* XHLaunchAd.h */,
				DCCB32932717FDA4009E7B1E /* XHLaunchAdDownloader.h */,
				DCCB32942717FDA4009E7B1E /* XHLaunchAdView.m */,
				DCCB32952717FDA4009E7B1E /* XHLaunchAdCache.h */,
				DCCB32962717FDA4009E7B1E /* XHLaunchAdConfiguration.h */,
				DCCB32972717FDA4009E7B1E /* XHLaunchAdButton.m */,
				DCCB32982717FDA4009E7B1E /* XHLaunchAdImageView+XHLaunchAdCache.h */,
				DCCB32992717FDA4009E7B1E /* XHLaunchImageView.m */,
				DCCB329A2717FDA4009E7B1E /* XHLaunchAdConst.m */,
				DCCB329B2717FDA4009E7B1E /* XHLaunchAdImageManager.h */,
				DCCB329C2717FDA4009E7B1E /* XHLaunchAd.m */,
				DCCB329D2717FDA4009E7B1E /* XHLaunchAdController.m */,
				DCCB329E2717FDA4009E7B1E /* XHLaunchAdDownloader.m */,
				DCCB329F2717FDA4009E7B1E /* XHLaunchImageView.h */,
				DCCB32A02717FDA4009E7B1E /* XHLaunchAdImageView+XHLaunchAdCache.m */,
				DCCB32A12717FDA4009E7B1E /* XHLaunchAdConfiguration.m */,
				DCCB32A22717FDA4009E7B1E /* XHLaunchAdButton.h */,
				DCCB32A32717FDA4009E7B1E /* XHLaunchAdCache.m */,
				DCCB32A42717FDA4009E7B1E /* XHLaunchAdView.h */,
				DCCB32A52717FDA4009E7B1E /* XHLaunchAdImageManager.m */,
				DCCB32A62717FDA4009E7B1E /* XHLaunchAdConst.h */,
			);
			path = XHLaunchAd;
			sourceTree = "<group>";
		};
		DCCB32B42717FDBD009E7B1E /* Source */ = {
			isa = PBXGroup;
			children = (
				DCCB32B52717FDBD009E7B1E /* LaunchVideoAd.json */,
				DCCB32B62717FDBD009E7B1E /* video0.mp4 */,
				DCCB32B72717FDBD009E7B1E /* video1.mp4 */,
				DCCB32B82717FDBD009E7B1E /* LaunchImageAd.json */,
				DCCB32B92717FDBD009E7B1E /* image4.jpg */,
				DCCB32BA2717FDBD009E7B1E /* image1.jpg */,
				DCCB32BB2717FDBD009E7B1E /* image12.gif */,
				DCCB32BC2717FDBD009E7B1E /* image0.jpg */,
				DCCB32BD2717FDBD009E7B1E /* image2.jpg */,
				DCCB32BE2717FDBD009E7B1E /* image3.jpg */,
			);
			path = Source;
			sourceTree = "<group>";
		};
		DCCB32E42717FF9D009E7B1E /* Model */ = {
			isa = PBXGroup;
			children = (
				DCCB32E52717FF9D009E7B1E /* LaunchAdModel.h */,
				DCCB32E62717FF9D009E7B1E /* LaunchAdModel.m */,
			);
			path = Model;
			sourceTree = "<group>";
		};
		DCCB32E72717FF9D009E7B1E /* Tools */ = {
			isa = PBXGroup;
			children = (
				DCCB32E82717FF9D009E7B1E /* Network */,
				DCCB32EB2717FF9D009E7B1E /* UIViewController+ */,
			);
			path = Tools;
			sourceTree = "<group>";
		};
		DCCB32E82717FF9D009E7B1E /* Network */ = {
			isa = PBXGroup;
			children = (
				DCCB32E92717FF9D009E7B1E /* Network.m */,
				DCCB32EA2717FF9D009E7B1E /* Network.h */,
			);
			path = Network;
			sourceTree = "<group>";
		};
		DCCB32EB2717FF9D009E7B1E /* UIViewController+ */ = {
			isa = PBXGroup;
			children = (
				DCCB32EC2717FF9D009E7B1E /* UIViewController+Nav.h */,
				DCCB32ED2717FF9D009E7B1E /* UIViewController+Nav.m */,
			);
			path = "UIViewController+";
			sourceTree = "<group>";
		};
		DCCB32F227181142009E7B1E /* AxcAE_TabBar */ = {
			isa = PBXGroup;
			children = (
				DCCB32F327181142009E7B1E /* AxcAE_TabBarBadge.m */,
				DCCB32F427181142009E7B1E /* AxcAE_TabBarItem.h */,
				DCCB32F527181142009E7B1E /* AxcAE_TabBar.m */,
				DCCB32F627181142009E7B1E /* AxcAE_TabBarDefine.h */,
				DCCB32F727181142009E7B1E /* AxcAE_TabBar.h */,
				DCCB32F827181142009E7B1E /* AxcAE_TabBarItem.m */,
				DCCB32F927181142009E7B1E /* AxcAE_TabBarBadge.h */,
			);
			path = AxcAE_TabBar;
			sourceTree = "<group>";
		};
		DCCB33002718123F009E7B1E /* SubTabBarVC */ = {
			isa = PBXGroup;
			children = (
				DCCB33012718123F009E7B1E /* 自定义TabBar背景图+选中颜色 */,
				DCCB33042718123F009E7B1E /* 自定义TabBar背景图片 */,
				DCCB33072718123F009E7B1E /* 按钮自定义布局模式 */,
				DCCB330A2718123F009E7B1E /* WHGradientHelper渐变色2 */,
				DCCB330D2718123F009E7B1E /* WHGradientHelper渐变色 */,
				DCCB33102718123F009E7B1E /* WHGradientHelper渐变色4 */,
				DCCB33132718123F009E7B1E /* WHGradientHelper渐变色3 */,
				DCCB33162718123F009E7B1E /* 按钮自定义渲染图片 */,
				DCCB33192718123F009E7B1E /* 自定义TabBar背景图+模糊毛玻璃 */,
				DCCB331C2718123F009E7B1E /* 按钮自定义徽标 */,
				DCCB331F2718123F009E7B1E /* TabBar多重圆形凸出 */,
				DCCB33222718123F009E7B1E /* WHGradientHelper按钮渐变色 */,
				DCCB33252718123F009E7B1E /* TabBar中间圆形凸出 */,
				DCCB33282718123F009E7B1E /* 按钮自定义对齐模式 */,
				DCCB332B2718123F009E7B1E /* 按钮自定义交互效果 */,
				DCCB332E2718123F009E7B1E /* 按钮自定义背景图 */,
				DCCB33312718123F009E7B1E /* BaseTabBar */,
				DCCB33342718123F009E7B1E /* TabBar多重混合凸出 */,
				DCCB33372718123F009E7B1E /* TabBar矩形图片凸出 */,
				DCCB333A2718123F009E7B1E /* 按钮自定义大小 */,
				DCCB333D2718123F009E7B1E /* 基础使用 */,
				DCCB33402718123F009E7B1E /* 按钮自定义背景颜色 */,
				DCCB33432718123F009E7B1E /* 与WHGradientHelper混合使用 */,
			);
			path = SubTabBarVC;
			sourceTree = "<group>";
		};
		DCCB33012718123F009E7B1E /* 自定义TabBar背景图+选中颜色 */ = {
			isa = PBXGroup;
			children = (
				DCCB33022718123F009E7B1E /* CustomImageSelColorTabBarVC.m */,
				DCCB33032718123F009E7B1E /* CustomImageSelColorTabBarVC.h */,
			);
			path = "自定义TabBar背景图+选中颜色";
			sourceTree = "<group>";
		};
		DCCB33042718123F009E7B1E /* 自定义TabBar背景图片 */ = {
			isa = PBXGroup;
			children = (
				DCCB33052718123F009E7B1E /* CustomImageTabBarVC.m */,
				DCCB33062718123F009E7B1E /* CustomImageTabBarVC.h */,
			);
			path = "自定义TabBar背景图片";
			sourceTree = "<group>";
		};
		DCCB33072718123F009E7B1E /* 按钮自定义布局模式 */ = {
			isa = PBXGroup;
			children = (
				DCCB33082718123F009E7B1E /* ItemSizeLayoutTabBarVC.h */,
				DCCB33092718123F009E7B1E /* ItemSizeLayoutTabBarVC.m */,
			);
			path = "按钮自定义布局模式";
			sourceTree = "<group>";
		};
		DCCB330A2718123F009E7B1E /* WHGradientHelper渐变色2 */ = {
			isa = PBXGroup;
			children = (
				DCCB330B2718123F009E7B1E /* WHGradientHelperGradientTabBarVC2.m */,
				DCCB330C2718123F009E7B1E /* WHGradientHelperGradientTabBarVC2.h */,
			);
			path = "WHGradientHelper渐变色2";
			sourceTree = "<group>";
		};
		DCCB330D2718123F009E7B1E /* WHGradientHelper渐变色 */ = {
			isa = PBXGroup;
			children = (
				DCCB330E2718123F009E7B1E /* WHGradientHelperGradientTabBarVC.m */,
				DCCB330F2718123F009E7B1E /* WHGradientHelperGradientTabBarVC.h */,
			);
			path = "WHGradientHelper渐变色";
			sourceTree = "<group>";
		};
		DCCB33102718123F009E7B1E /* WHGradientHelper渐变色4 */ = {
			isa = PBXGroup;
			children = (
				DCCB33112718123F009E7B1E /* WHGradientHelperGradientTabBarVC4.h */,
				DCCB33122718123F009E7B1E /* WHGradientHelperGradientTabBarVC4.m */,
			);
			path = "WHGradientHelper渐变色4";
			sourceTree = "<group>";
		};
		DCCB33132718123F009E7B1E /* WHGradientHelper渐变色3 */ = {
			isa = PBXGroup;
			children = (
				DCCB33142718123F009E7B1E /* WHGradientHelperGradientTabBarVC3.h */,
				DCCB33152718123F009E7B1E /* WHGradientHelperGradientTabBarVC3.m */,
			);
			path = "WHGradientHelper渐变色3";
			sourceTree = "<group>";
		};
		DCCB33162718123F009E7B1E /* 按钮自定义渲染图片 */ = {
			isa = PBXGroup;
			children = (
				DCCB33172718123F009E7B1E /* ItemTingColorTabBarVC.m */,
				DCCB33182718123F009E7B1E /* ItemTingColorTabBarVC.h */,
			);
			path = "按钮自定义渲染图片";
			sourceTree = "<group>";
		};
		DCCB33192718123F009E7B1E /* 自定义TabBar背景图+模糊毛玻璃 */ = {
			isa = PBXGroup;
			children = (
				DCCB331A2718123F009E7B1E /* ImageTranslucentTabBarVC.h */,
				DCCB331B2718123F009E7B1E /* ImageTranslucentTabBarVC.m */,
			);
			path = "自定义TabBar背景图+模糊毛玻璃";
			sourceTree = "<group>";
		};
		DCCB331C2718123F009E7B1E /* 按钮自定义徽标 */ = {
			isa = PBXGroup;
			children = (
				DCCB331D2718123F009E7B1E /* ItemCustomBadgeTabBarVC.h */,
				DCCB331E2718123F009E7B1E /* ItemCustomBadgeTabBarVC.m */,
			);
			path = "按钮自定义徽标";
			sourceTree = "<group>";
		};
		DCCB331F2718123F009E7B1E /* TabBar多重圆形凸出 */ = {
			isa = PBXGroup;
			children = (
				DCCB33202718123F009E7B1E /* MultipleBulgeCircularTabBarVC.m */,
				DCCB33212718123F009E7B1E /* MultipleBulgeCircularTabBarVC.h */,
			);
			path = "TabBar多重圆形凸出";
			sourceTree = "<group>";
		};
		DCCB33222718123F009E7B1E /* WHGradientHelper按钮渐变色 */ = {
			isa = PBXGroup;
			children = (
				DCCB33232718123F009E7B1E /* WHGradientHelperGradientItemTabBarVC.h */,
				DCCB33242718123F009E7B1E /* WHGradientHelperGradientItemTabBarVC.m */,
			);
			path = "WHGradientHelper按钮渐变色";
			sourceTree = "<group>";
		};
		DCCB33252718123F009E7B1E /* TabBar中间圆形凸出 */ = {
			isa = PBXGroup;
			children = (
				DCCB33262718123F009E7B1E /* BulgeCircularTabBarVC.m */,
				DCCB33272718123F009E7B1E /* BulgeCircularTabBarVC.h */,
			);
			path = "TabBar中间圆形凸出";
			sourceTree = "<group>";
		};
		DCCB33282718123F009E7B1E /* 按钮自定义对齐模式 */ = {
			isa = PBXGroup;
			children = (
				DCCB33292718123F009E7B1E /* ItemSizeAlignmentTabBarVC.h */,
				DCCB332A2718123F009E7B1E /* ItemSizeAlignmentTabBarVC.m */,
			);
			path = "按钮自定义对齐模式";
			sourceTree = "<group>";
		};
		DCCB332B2718123F009E7B1E /* 按钮自定义交互效果 */ = {
			isa = PBXGroup;
			children = (
				DCCB332C2718123F009E7B1E /* ItemCustomAnimationTabBarVC.h */,
				DCCB332D2718123F009E7B1E /* ItemCustomAnimationTabBarVC.m */,
			);
			path = "按钮自定义交互效果";
			sourceTree = "<group>";
		};
		DCCB332E2718123F009E7B1E /* 按钮自定义背景图 */ = {
			isa = PBXGroup;
			children = (
				DCCB332F2718123F009E7B1E /* ItemBackgroundImageTabBarVC.h */,
				DCCB33302718123F009E7B1E /* ItemBackgroundImageTabBarVC.m */,
			);
			path = "按钮自定义背景图";
			sourceTree = "<group>";
		};
		DCCB33312718123F009E7B1E /* BaseTabBar */ = {
			isa = PBXGroup;
			children = (
				DCCB33322718123F009E7B1E /* BaseTabBar.h */,
				DCCB33332718123F009E7B1E /* BaseTabBar.m */,
			);
			path = BaseTabBar;
			sourceTree = "<group>";
		};
		DCCB33342718123F009E7B1E /* TabBar多重混合凸出 */ = {
			isa = PBXGroup;
			children = (
				DCCB33352718123F009E7B1E /* MultipleBulgeHybridTabBarVC.m */,
				DCCB33362718123F009E7B1E /* MultipleBulgeHybridTabBarVC.h */,
			);
			path = "TabBar多重混合凸出";
			sourceTree = "<group>";
		};
		DCCB33372718123F009E7B1E /* TabBar矩形图片凸出 */ = {
			isa = PBXGroup;
			children = (
				DCCB33382718123F009E7B1E /* BulgeSquareTabBarVC.m */,
				DCCB33392718123F009E7B1E /* BulgeSquareTabBarVC.h */,
			);
			path = "TabBar矩形图片凸出";
			sourceTree = "<group>";
		};
		DCCB333A2718123F009E7B1E /* 按钮自定义大小 */ = {
			isa = PBXGroup;
			children = (
				DCCB333B2718123F009E7B1E /* ItemSizeTabBarVC.m */,
				DCCB333C2718123F009E7B1E /* ItemSizeTabBarVC.h */,
			);
			path = "按钮自定义大小";
			sourceTree = "<group>";
		};
		DCCB333D2718123F009E7B1E /* 基础使用 */ = {
			isa = PBXGroup;
			children = (
				DCCB333E2718123F009E7B1E /* BasedUsingTabBarVC.h */,
				DCCB333F2718123F009E7B1E /* BasedUsingTabBarVC.m */,
			);
			path = "基础使用";
			sourceTree = "<group>";
		};
		DCCB33402718123F009E7B1E /* 按钮自定义背景颜色 */ = {
			isa = PBXGroup;
			children = (
				DCCB33412718123F009E7B1E /* ItemBackgroundColorTabBarVC.m */,
				DCCB33422718123F009E7B1E /* ItemBackgroundColorTabBarVC.h */,
			);
			path = "按钮自定义背景颜色";
			sourceTree = "<group>";
		};
		DCCB33432718123F009E7B1E /* 与WHGradientHelper混合使用 */ = {
			isa = PBXGroup;
			children = (
				DCCB33442718123F009E7B1E /* HybridGradientHelperTabBarVC.m */,
				DCCB33452718123F009E7B1E /* HybridGradientHelperTabBarVC.h */,
			);
			path = "与WHGradientHelper混合使用";
			sourceTree = "<group>";
		};
		DCCB3360271812F2009E7B1E /* WHGradientHelper */ = {
			isa = PBXGroup;
			children = (
				DCCB3361271812F2009E7B1E /* WHGradientHelper.m */,
				DCCB3362271812F2009E7B1E /* WHGradientHelper.h */,
			);
			path = WHGradientHelper;
			sourceTree = "<group>";
		};
		DCCB3364271814F8009E7B1E /* Base */ = {
			isa = PBXGroup;
			children = (
				DCCB3365271814F8009E7B1E /* BaseNavBarItem.m */,
				DCCB3366271814F8009E7B1E /* BaseTableViewController.m */,
				DCCB3367271814F8009E7B1E /* BaseViewController.m */,
				DCCB3368271814F8009E7B1E /* BaseNavigationController.m */,
				DCCB336A271814F8009E7B1E /* BaseNavBarItem.h */,
				DCCB336B271814F8009E7B1E /* BaseTableViewController.h */,
				DCCB336C271814F8009E7B1E /* BaseNavigationController.h */,
				DCCB336D271814F8009E7B1E /* BaseViewController.h */,
			);
			path = Base;
			sourceTree = "<group>";
		};
		DCCB33742718157A009E7B1E /* Category */ = {
			isa = PBXGroup;
			children = (
				DCCB33752718157A009E7B1E /* UIButton+ContentLayout.m */,
				DCCB33762718157A009E7B1E /* UIButton+CountDown.m */,
				DCCB33772718157A009E7B1E /* UIView+Blokc.h */,
				DCCB33782718157A009E7B1E /* UIColor+Extension.h */,
				DCCB33792718157A009E7B1E /* UIView+Prompt.m */,
				DCCB337A2718157A009E7B1E /* UIView+Frame.m */,
				DCCB337B2718157A009E7B1E /* UIView+Extension.h */,
				DCCB337C2718157A009E7B1E /* UIImage+Extension.m */,
				DCCB337D2718157A009E7B1E /* UIAlertController+Block.m */,
				DCCB337E2718157A009E7B1E /* NSString+Size.h */,
				DCCB337F2718157A009E7B1E /* NSUserDefaults+Speed.h */,
				DCCB33802718157A009E7B1E /* UIButton+ContentLayout.h */,
				DCCB33812718157A009E7B1E /* UIView+Prompt.h */,
				DCCB33822718157A009E7B1E /* UIColor+Extension.m */,
				DCCB33832718157A009E7B1E /* UIView+Blokc.m */,
				DCCB33842718157A009E7B1E /* UIButton+CountDown.h */,
				DCCB33852718157A009E7B1E /* UIImage+Extension.h */,
				DCCB33862718157A009E7B1E /* UIView+Frame.h */,
				DCCB33872718157A009E7B1E /* UIView+Extension.m */,
				DCCB33882718157A009E7B1E /* NSUserDefaults+Speed.m */,
				DCCB33892718157A009E7B1E /* NSString+Size.m */,
				DCCB338A2718157A009E7B1E /* UIAlertController+Block.h */,
			);
			path = Category;
			sourceTree = "<group>";
		};
		DCCB33A627181EB7009E7B1E /* Tabar */ = {
			isa = PBXGroup;
			children = (
				DCCB32FE27181213009E7B1E /* JianShuTabBarVC.h */,
				DCCB32FD27181213009E7B1E /* JianShuTabBarVC.m */,
			);
			path = Tabar;
			sourceTree = "<group>";
		};
		DCCB33A727181ED4009E7B1E /* Lib */ = {
			isa = PBXGroup;
			children = (
				DCCB32DF2717FEA3009E7B1E /* XHLaunchAdManager.h */,
				DCCB32E02717FEA4009E7B1E /* XHLaunchAdManager.m */,
				DCCB335D2718128D009E7B1E /* TestTabBar.h */,
				DCCB335E2718128D009E7B1E /* TestTabBar.m */,
			);
			path = Lib;
			sourceTree = "<group>";
		};
/* End PBXGroup section */

/* Begin PBXNativeTarget section */
		DCCB32502717BF45009E7B1E /* SassFramework */ = {
			isa = PBXNativeTarget;
			buildConfigurationList = DCCB32802717BF47009E7B1E /* Build configuration list for PBXNativeTarget "SassFramework" */;
			buildPhases = (
				1B56EDAEBEF300827BE6F08E /* [CP] Check Pods Manifest.lock */,
				DCCB324D2717BF45009E7B1E /* Sources */,
				DCCB324E2717BF45009E7B1E /* Frameworks */,
				DCCB324F2717BF45009E7B1E /* Resources */,
				5D9F2E2AE84B30C7B91EE72E /* [CP] Embed Pods Frameworks */,
			);
			buildRules = (
			);
			dependencies = (
			);
			name = SassFramework;
			productName = SassFramework;
			productReference = DCCB32512717BF45009E7B1E /* SassFramework.app */;
			productType = "com.apple.product-type.application";
		};
		DCCB326B2717BF46009E7B1E /* SassFrameworkTests */ = {
			isa = PBXNativeTarget;
			buildConfigurationList = DCCB32832717BF47009E7B1E /* Build configuration list for PBXNativeTarget "SassFrameworkTests" */;
			buildPhases = (
				DBD86E9836C3E4347C3650EC /* [CP] Check Pods Manifest.lock */,
				DCCB32682717BF46009E7B1E /* Sources */,
				DCCB32692717BF46009E7B1E /* Frameworks */,
				DCCB326A2717BF46009E7B1E /* Resources */,
			);
			buildRules = (
			);
			dependencies = (
				DCCB326E2717BF46009E7B1E /* PBXTargetDependency */,
			);
			name = SassFrameworkTests;
			productName = SassFrameworkTests;
			productReference = DCCB326C2717BF46009E7B1E /* SassFrameworkTests.xctest */;
			productType = "com.apple.product-type.bundle.unit-test";
		};
		DCCB32752717BF46009E7B1E /* SassFrameworkUITests */ = {
			isa = PBXNativeTarget;
			buildConfigurationList = DCCB32862717BF47009E7B1E /* Build configuration list for PBXNativeTarget "SassFrameworkUITests" */;
			buildPhases = (
				56BD978B4C1A88C3A0F86EC9 /* [CP] Check Pods Manifest.lock */,
				DCCB32722717BF46009E7B1E /* Sources */,
				DCCB32732717BF46009E7B1E /* Frameworks */,
				DCCB32742717BF46009E7B1E /* Resources */,
				81EA041AFBEC5908CCF6C34C /* [CP] Embed Pods Frameworks */,
			);
			buildRules = (
			);
			dependencies = (
				DCCB32782717BF47009E7B1E /* PBXTargetDependency */,
			);
			name = SassFrameworkUITests;
			productName = SassFrameworkUITests;
			productReference = DCCB32762717BF46009E7B1E /* SassFrameworkUITests.xctest */;
			productType = "com.apple.product-type.bundle.ui-testing";
		};
/* End PBXNativeTarget section */

/* Begin PBXProject section */
		DCCB32492717BF45009E7B1E /* Project object */ = {
			isa = PBXProject;
			attributes = {
				BuildIndependentTargetsInParallel = 1;
				LastUpgradeCheck = 1300;
				TargetAttributes = {
					DCCB32502717BF45009E7B1E = {
						CreatedOnToolsVersion = 13.0;
					};
					DCCB326B2717BF46009E7B1E = {
						CreatedOnToolsVersion = 13.0;
						TestTargetID = DCCB32502717BF45009E7B1E;
					};
					DCCB32752717BF46009E7B1E = {
						CreatedOnToolsVersion = 13.0;
						TestTargetID = DCCB32502717BF45009E7B1E;
					};
				};
			};
			buildConfigurationList = DCCB324C2717BF45009E7B1E /* Build configuration list for PBXProject "SassFramework" */;
			compatibilityVersion = "Xcode 13.0";
			developmentRegion = en;
			hasScannedForEncodings = 0;
			knownRegions = (
				en,
				Base,
			);
			mainGroup = DCCB32482717BF45009E7B1E;
			productRefGroup = DCCB32522717BF45009E7B1E /* Products */;
			projectDirPath = "";
			projectRoot = "";
			targets = (
				DCCB32502717BF45009E7B1E /* SassFramework */,
				DCCB326B2717BF46009E7B1E /* SassFrameworkTests */,
				DCCB32752717BF46009E7B1E /* SassFrameworkUITests */,
			);
		};
/* End PBXProject section */

/* Begin PBXResourcesBuildPhase section */
		DCCB324F2717BF45009E7B1E /* Resources */ = {
			isa = PBXResourcesBuildPhase;
			buildActionMask = 2147483647;
			files = (
				DCCB32D82717FDBD009E7B1E /* image3.jpg in Resources */,
				DCCB32D32717FDBD009E7B1E /* image4.jpg in Resources */,
				DCCB32642717BF46009E7B1E /* LaunchScreen.storyboard in Resources */,
				DCCB32CF2717FDBD009E7B1E /* LaunchVideoAd.json in Resources */,
				DCCB32D52717FDBD009E7B1E /* image12.gif in Resources */,
				DCCB32612717BF46009E7B1E /* Assets.xcassets in Resources */,
				DCCB32D12717FDBD009E7B1E /* video1.mp4 in Resources */,
				DCCB32D02717FDBD009E7B1E /* video0.mp4 in Resources */,
				DCCB32D22717FDBD009E7B1E /* LaunchImageAd.json in Resources */,
				DCCB325F2717BF45009E7B1E /* Main.storyboard in Resources */,
				DCCB32D42717FDBD009E7B1E /* image1.jpg in Resources */,
				DCCB32D72717FDBD009E7B1E /* image2.jpg in Resources */,
				DCCB32D62717FDBD009E7B1E /* image0.jpg in Resources */,
			);
			runOnlyForDeploymentPostprocessing = 0;
		};
		DCCB326A2717BF46009E7B1E /* Resources */ = {
			isa = PBXResourcesBuildPhase;
			buildActionMask = 2147483647;
			files = (
			);
			runOnlyForDeploymentPostprocessing = 0;
		};
		DCCB32742717BF46009E7B1E /* Resources */ = {
			isa = PBXResourcesBuildPhase;
			buildActionMask = 2147483647;
			files = (
			);
			runOnlyForDeploymentPostprocessing = 0;
		};
/* End PBXResourcesBuildPhase section */

/* Begin PBXShellScriptBuildPhase section */
		1B56EDAEBEF300827BE6F08E /* [CP] Check Pods Manifest.lock */ = {
			isa = PBXShellScriptBuildPhase;
			buildActionMask = 2147483647;
			files = (
			);
			inputFileListPaths = (
			);
			inputPaths = (
				"${PODS_PODFILE_DIR_PATH}/Podfile.lock",
				"${PODS_ROOT}/Manifest.lock",
			);
			name = "[CP] Check Pods Manifest.lock";
			outputFileListPaths = (
			);
			outputPaths = (
				"$(DERIVED_FILE_DIR)/Pods-SassFramework-checkManifestLockResult.txt",
			);
			runOnlyForDeploymentPostprocessing = 0;
			shellPath = /bin/sh;
			shellScript = "diff \"${PODS_PODFILE_DIR_PATH}/Podfile.lock\" \"${PODS_ROOT}/Manifest.lock\" > /dev/null\nif [ $? != 0 ] ; then\n    # print error to STDERR\n    echo \"error: The sandbox is not in sync with the Podfile.lock. Run 'pod install' or update your CocoaPods installation.\" >&2\n    exit 1\nfi\n# This output is used by Xcode 'outputs' to avoid re-running this script phase.\necho \"SUCCESS\" > \"${SCRIPT_OUTPUT_FILE_0}\"\n";
			showEnvVarsInLog = 0;
		};
		56BD978B4C1A88C3A0F86EC9 /* [CP] Check Pods Manifest.lock */ = {
			isa = PBXShellScriptBuildPhase;
			buildActionMask = 2147483647;
			files = (
			);
			inputFileListPaths = (
			);
			inputPaths = (
				"${PODS_PODFILE_DIR_PATH}/Podfile.lock",
				"${PODS_ROOT}/Manifest.lock",
			);
			name = "[CP] Check Pods Manifest.lock";
			outputFileListPaths = (
			);
			outputPaths = (
				"$(DERIVED_FILE_DIR)/Pods-SassFramework-SassFrameworkUITests-checkManifestLockResult.txt",
			);
			runOnlyForDeploymentPostprocessing = 0;
			shellPath = /bin/sh;
			shellScript = "diff \"${PODS_PODFILE_DIR_PATH}/Podfile.lock\" \"${PODS_ROOT}/Manifest.lock\" > /dev/null\nif [ $? != 0 ] ; then\n    # print error to STDERR\n    echo \"error: The sandbox is not in sync with the Podfile.lock. Run 'pod install' or update your CocoaPods installation.\" >&2\n    exit 1\nfi\n# This output is used by Xcode 'outputs' to avoid re-running this script phase.\necho \"SUCCESS\" > \"${SCRIPT_OUTPUT_FILE_0}\"\n";
			showEnvVarsInLog = 0;
		};
		5D9F2E2AE84B30C7B91EE72E /* [CP] Embed Pods Frameworks */ = {
			isa = PBXShellScriptBuildPhase;
			buildActionMask = 2147483647;
			files = (
			);
			inputFileListPaths = (
				"${PODS_ROOT}/Target Support Files/Pods-SassFramework/Pods-SassFramework-frameworks-${CONFIGURATION}-input-files.xcfilelist",
			);
			name = "[CP] Embed Pods Frameworks";
			outputFileListPaths = (
				"${PODS_ROOT}/Target Support Files/Pods-SassFramework/Pods-SassFramework-frameworks-${CONFIGURATION}-output-files.xcfilelist",
			);
			runOnlyForDeploymentPostprocessing = 0;
			shellPath = /bin/sh;
			shellScript = "\"${PODS_ROOT}/Target Support Files/Pods-SassFramework/Pods-SassFramework-frameworks.sh\"\n";
			showEnvVarsInLog = 0;
		};
		81EA041AFBEC5908CCF6C34C /* [CP] Embed Pods Frameworks */ = {
			isa = PBXShellScriptBuildPhase;
			buildActionMask = 2147483647;
			files = (
			);
			inputFileListPaths = (
				"${PODS_ROOT}/Target Support Files/Pods-SassFramework-SassFrameworkUITests/Pods-SassFramework-SassFrameworkUITests-frameworks-${CONFIGURATION}-input-files.xcfilelist",
			);
			name = "[CP] Embed Pods Frameworks";
			outputFileListPaths = (
				"${PODS_ROOT}/Target Support Files/Pods-SassFramework-SassFrameworkUITests/Pods-SassFramework-SassFrameworkUITests-frameworks-${CONFIGURATION}-output-files.xcfilelist",
			);
			runOnlyForDeploymentPostprocessing = 0;
			shellPath = /bin/sh;
			shellScript = "\"${PODS_ROOT}/Target Support Files/Pods-SassFramework-SassFrameworkUITests/Pods-SassFramework-SassFrameworkUITests-frameworks.sh\"\n";
			showEnvVarsInLog = 0;
		};
		DBD86E9836C3E4347C3650EC /* [CP] Check Pods Manifest.lock */ = {
			isa = PBXShellScriptBuildPhase;
			buildActionMask = 2147483647;
			files = (
			);
			inputFileListPaths = (
			);
			inputPaths = (
				"${PODS_PODFILE_DIR_PATH}/Podfile.lock",
				"${PODS_ROOT}/Manifest.lock",
			);
			name = "[CP] Check Pods Manifest.lock";
			outputFileListPaths = (
			);
			outputPaths = (
				"$(DERIVED_FILE_DIR)/Pods-SassFrameworkTests-checkManifestLockResult.txt",
			);
			runOnlyForDeploymentPostprocessing = 0;
			shellPath = /bin/sh;
			shellScript = "diff \"${PODS_PODFILE_DIR_PATH}/Podfile.lock\" \"${PODS_ROOT}/Manifest.lock\" > /dev/null\nif [ $? != 0 ] ; then\n    # print error to STDERR\n    echo \"error: The sandbox is not in sync with the Podfile.lock. Run 'pod install' or update your CocoaPods installation.\" >&2\n    exit 1\nfi\n# This output is used by Xcode 'outputs' to avoid re-running this script phase.\necho \"SUCCESS\" > \"${SCRIPT_OUTPUT_FILE_0}\"\n";
			showEnvVarsInLog = 0;
		};
/* End PBXShellScriptBuildPhase section */

/* Begin PBXSourcesBuildPhase section */
		DCCB324D2717BF45009E7B1E /* Sources */ = {
			isa = PBXSourcesBuildPhase;
			buildActionMask = 2147483647;
			files = (
				DCCB3363271812F2009E7B1E /* WHGradientHelper.m in Sources */,
				DCCB33922718157A009E7B1E /* UIView+Blokc.m in Sources */,
				DCCB33482718123F009E7B1E /* ItemSizeLayoutTabBarVC.m in Sources */,
				DCCB32B12717FDA4009E7B1E /* XHLaunchAdConfiguration.m in Sources */,
				DCCB32B32717FDA4009E7B1E /* XHLaunchAdImageManager.m in Sources */,
				DCCB32B02717FDA4009E7B1E /* XHLaunchAdImageView+XHLaunchAdCache.m in Sources */,
				DCCB3371271814F8009E7B1E /* BaseViewController.m in Sources */,
				DCCB32EF2717FF9D009E7B1E /* LaunchAdModel.m in Sources */,
				DCCB335B2718123F009E7B1E /* ItemBackgroundColorTabBarVC.m in Sources */,
				DCCB338C2718157A009E7B1E /* UIButton+CountDown.m in Sources */,
				DCCB33522718123F009E7B1E /* BulgeCircularTabBarVC.m in Sources */,
				DCCB33592718123F009E7B1E /* ItemSizeTabBarVC.m in Sources */,
				DCCB32AA2717FDA4009E7B1E /* XHLaunchAdButton.m in Sources */,
				DCCB33492718123F009E7B1E /* WHGradientHelperGradientTabBarVC2.m in Sources */,
				DCCB33932718157A009E7B1E /* UIView+Extension.m in Sources */,
				DCCB32A72717FDA4009E7B1E /* FLAnimatedImage.m in Sources */,
				DCCB338F2718157A009E7B1E /* UIImage+Extension.m in Sources */,
				DCCB33512718123F009E7B1E /* WHGradientHelperGradientItemTabBarVC.m in Sources */,
				DCCB32F02717FF9D009E7B1E /* Network.m in Sources */,
				DCCB32AC2717FDA4009E7B1E /* XHLaunchAdConst.m in Sources */,
				DCCB32AE2717FDA4009E7B1E /* XHLaunchAdController.m in Sources */,
				DCCB33942718157A009E7B1E /* NSUserDefaults+Speed.m in Sources */,
				DCCB32FC27181142009E7B1E /* AxcAE_TabBarItem.m in Sources */,
				DCCB32AF2717FDA4009E7B1E /* XHLaunchAdDownloader.m in Sources */,
				DCCB338E2718157A009E7B1E /* UIView+Frame.m in Sources */,
				DCCB325C2717BF45009E7B1E /* ViewController.m in Sources */,
				DCCB32FF27181213009E7B1E /* JianShuTabBarVC.m in Sources */,
				DCCB33552718123F009E7B1E /* ItemBackgroundImageTabBarVC.m in Sources */,
				DCCB32B22717FDA4009E7B1E /* XHLaunchAdCache.m in Sources */,
				DCCB334F2718123F009E7B1E /* ItemCustomBadgeTabBarVC.m in Sources */,
				DCCB334D2718123F009E7B1E /* ItemTingColorTabBarVC.m in Sources */,
				DCCB32E12717FEA4009E7B1E /* XHLaunchAdManager.m in Sources */,
				DCCB334A2718123F009E7B1E /* WHGradientHelperGradientTabBarVC.m in Sources */,
				DCCB32A82717FDA4009E7B1E /* FLAnimatedImageView.m in Sources */,
				DCCB33542718123F009E7B1E /* ItemCustomAnimationTabBarVC.m in Sources */,
				DCCB334B2718123F009E7B1E /* WHGradientHelperGradientTabBarVC4.m in Sources */,
				DCCB33462718123F009E7B1E /* CustomImageSelColorTabBarVC.m in Sources */,
				DCCB33572718123F009E7B1E /* MultipleBulgeHybridTabBarVC.m in Sources */,
				DCCB33902718157A009E7B1E /* UIAlertController+Block.m in Sources */,
				DCCB338B2718157A009E7B1E /* UIButton+ContentLayout.m in Sources */,
				DCCB335C2718123F009E7B1E /* HybridGradientHelperTabBarVC.m in Sources */,
				DCCB338D2718157A009E7B1E /* UIView+Prompt.m in Sources */,
				DCCB32FA27181142009E7B1E /* AxcAE_TabBarBadge.m in Sources */,
				DCCB33582718123F009E7B1E /* BulgeSquareTabBarVC.m in Sources */,
				DCCB3370271814F8009E7B1E /* BaseTableViewController.m in Sources */,
				DCCB33472718123F009E7B1E /* CustomImageTabBarVC.m in Sources */,
				DCCB32562717BF45009E7B1E /* AppDelegate.m in Sources */,
				DCCB33562718123F009E7B1E /* BaseTabBar.m in Sources */,
				DCCB32F12717FF9D009E7B1E /* UIViewController+Nav.m in Sources */,
				DCCB334E2718123F009E7B1E /* ImageTranslucentTabBarVC.m in Sources */,
				DCCB334C2718123F009E7B1E /* WHGradientHelperGradientTabBarVC3.m in Sources */,
				DCCB32EE2717FF9D009E7B1E /* WebViewController.m in Sources */,
				DCCB33532718123F009E7B1E /* ItemSizeAlignmentTabBarVC.m in Sources */,
				DCCB32A92717FDA4009E7B1E /* XHLaunchAdView.m in Sources */,
				DCCB32AD2717FDA4009E7B1E /* XHLaunchAd.m in Sources */,
				DCCB33912718157A009E7B1E /* UIColor+Extension.m in Sources */,
				DCCB335F2718128D009E7B1E /* TestTabBar.m in Sources */,
				DCCB33952718157A009E7B1E /* NSString+Size.m in Sources */,
				DCCB335A2718123F009E7B1E /* BasedUsingTabBarVC.m in Sources */,
				DCCB32FB27181142009E7B1E /* AxcAE_TabBar.m in Sources */,
				DCCB336F271814F8009E7B1E /* BaseNavBarItem.m in Sources */,
				DCCB3372271814F8009E7B1E /* BaseNavigationController.m in Sources */,
				DCCB32672717BF46009E7B1E /* main.m in Sources */,
				DCCB32AB2717FDA4009E7B1E /* XHLaunchImageView.m in Sources */,
				DCCB33502718123F009E7B1E /* MultipleBulgeCircularTabBarVC.m in Sources */,
			);
			runOnlyForDeploymentPostprocessing = 0;
		};
		DCCB32682717BF46009E7B1E /* Sources */ = {
			isa = PBXSourcesBuildPhase;
			buildActionMask = 2147483647;
			files = (
				DCCB32712717BF46009E7B1E /* SassFrameworkTests.m in Sources */,
			);
			runOnlyForDeploymentPostprocessing = 0;
		};
		DCCB32722717BF46009E7B1E /* Sources */ = {
			isa = PBXSourcesBuildPhase;
			buildActionMask = 2147483647;
			files = (
				DCCB327B2717BF47009E7B1E /* SassFrameworkUITests.m in Sources */,
				DCCB327D2717BF47009E7B1E /* SassFrameworkUITestsLaunchTests.m in Sources */,
			);
			runOnlyForDeploymentPostprocessing = 0;
		};
/* End PBXSourcesBuildPhase section */

/* Begin PBXTargetDependency section */
		DCCB326E2717BF46009E7B1E /* PBXTargetDependency */ = {
			isa = PBXTargetDependency;
			target = DCCB32502717BF45009E7B1E /* SassFramework */;
			targetProxy = DCCB326D2717BF46009E7B1E /* PBXContainerItemProxy */;
		};
		DCCB32782717BF47009E7B1E /* PBXTargetDependency */ = {
			isa = PBXTargetDependency;
			target = DCCB32502717BF45009E7B1E /* SassFramework */;
			targetProxy = DCCB32772717BF47009E7B1E /* PBXContainerItemProxy */;
		};
/* End PBXTargetDependency section */

/* Begin PBXVariantGroup section */
		DCCB325D2717BF45009E7B1E /* Main.storyboard */ = {
			isa = PBXVariantGroup;
			children = (
				DCCB325E2717BF45009E7B1E /* Base */,
			);
			name = Main.storyboard;
			sourceTree = "<group>";
		};
		DCCB32622717BF46009E7B1E /* LaunchScreen.storyboard */ = {
			isa = PBXVariantGroup;
			children = (
				DCCB32632717BF46009E7B1E /* Base */,
			);
			name = LaunchScreen.storyboard;
			sourceTree = "<group>";
		};
/* End PBXVariantGroup section */

/* Begin XCBuildConfiguration section */
		DCCB327E2717BF47009E7B1E /* Debug */ = {
			isa = XCBuildConfiguration;
			buildSettings = {
				ALWAYS_SEARCH_USER_PATHS = NO;
				CLANG_ANALYZER_NONNULL = YES;
				CLANG_ANALYZER_NUMBER_OBJECT_CONVERSION = YES_AGGRESSIVE;
				CLANG_CXX_LANGUAGE_STANDARD = "gnu++17";
				CLANG_CXX_LIBRARY = "libc++";
				CLANG_ENABLE_MODULES = YES;
				CLANG_ENABLE_OBJC_ARC = YES;
				CLANG_ENABLE_OBJC_WEAK = YES;
				CLANG_WARN_BLOCK_CAPTURE_AUTORELEASING = YES;
				CLANG_WARN_BOOL_CONVERSION = YES;
				CLANG_WARN_COMMA = YES;
				CLANG_WARN_CONSTANT_CONVERSION = YES;
				CLANG_WARN_DEPRECATED_OBJC_IMPLEMENTATIONS = YES;
				CLANG_WARN_DIRECT_OBJC_ISA_USAGE = YES_ERROR;
				CLANG_WARN_DOCUMENTATION_COMMENTS = YES;
				CLANG_WARN_EMPTY_BODY = YES;
				CLANG_WARN_ENUM_CONVERSION = YES;
				CLANG_WARN_INFINITE_RECURSION = YES;
				CLANG_WARN_INT_CONVERSION = YES;
				CLANG_WARN_NON_LITERAL_NULL_CONVERSION = YES;
				CLANG_WARN_OBJC_IMPLICIT_RETAIN_SELF = YES;
				CLANG_WARN_OBJC_LITERAL_CONVERSION = YES;
				CLANG_WARN_OBJC_ROOT_CLASS = YES_ERROR;
				CLANG_WARN_QUOTED_INCLUDE_IN_FRAMEWORK_HEADER = YES;
				CLANG_WARN_RANGE_LOOP_ANALYSIS = YES;
				CLANG_WARN_STRICT_PROTOTYPES = YES;
				CLANG_WARN_SUSPICIOUS_MOVE = YES;
				CLANG_WARN_UNGUARDED_AVAILABILITY = YES_AGGRESSIVE;
				CLANG_WARN_UNREACHABLE_CODE = YES;
				CLANG_WARN__DUPLICATE_METHOD_MATCH = YES;
				COPY_PHASE_STRIP = NO;
				DEBUG_INFORMATION_FORMAT = dwarf;
				ENABLE_STRICT_OBJC_MSGSEND = YES;
				ENABLE_TESTABILITY = YES;
				GCC_C_LANGUAGE_STANDARD = gnu11;
				GCC_DYNAMIC_NO_PIC = NO;
				GCC_NO_COMMON_BLOCKS = YES;
				GCC_OPTIMIZATION_LEVEL = 0;
				GCC_PREFIX_HEADER = /Users/zhihuazhang/Desktop/XcodePro/SassFramework/SassFramework/PrefixHeader.pch;
				GCC_PREPROCESSOR_DEFINITIONS = (
					"DEBUG=1",
					"$(inherited)",
				);
				GCC_WARN_64_TO_32_BIT_CONVERSION = YES;
				GCC_WARN_ABOUT_RETURN_TYPE = YES_ERROR;
				GCC_WARN_UNDECLARED_SELECTOR = YES;
				GCC_WARN_UNINITIALIZED_AUTOS = YES_AGGRESSIVE;
				GCC_WARN_UNUSED_FUNCTION = YES;
				GCC_WARN_UNUSED_VARIABLE = YES;
				IPHONEOS_DEPLOYMENT_TARGET = 15.0;
				MTL_ENABLE_DEBUG_INFO = INCLUDE_SOURCE;
				MTL_FAST_MATH = YES;
				ONLY_ACTIVE_ARCH = YES;
				SDKROOT = iphoneos;
			};
			name = Debug;
		};
		DCCB327F2717BF47009E7B1E /* Release */ = {
			isa = XCBuildConfiguration;
			buildSettings = {
				ALWAYS_SEARCH_USER_PATHS = NO;
				CLANG_ANALYZER_NONNULL = YES;
				CLANG_ANALYZER_NUMBER_OBJECT_CONVERSION = YES_AGGRESSIVE;
				CLANG_CXX_LANGUAGE_STANDARD = "gnu++17";
				CLANG_CXX_LIBRARY = "libc++";
				CLANG_ENABLE_MODULES = YES;
				CLANG_ENABLE_OBJC_ARC = YES;
				CLANG_ENABLE_OBJC_WEAK = YES;
				CLANG_WARN_BLOCK_CAPTURE_AUTORELEASING = YES;
				CLANG_WARN_BOOL_CONVERSION = YES;
				CLANG_WARN_COMMA = YES;
				CLANG_WARN_CONSTANT_CONVERSION = YES;
				CLANG_WARN_DEPRECATED_OBJC_IMPLEMENTATIONS = YES;
				CLANG_WARN_DIRECT_OBJC_ISA_USAGE = YES_ERROR;
				CLANG_WARN_DOCUMENTATION_COMMENTS = YES;
				CLANG_WARN_EMPTY_BODY = YES;
				CLANG_WARN_ENUM_CONVERSION = YES;
				CLANG_WARN_INFINITE_RECURSION = YES;
				CLANG_WARN_INT_CONVERSION = YES;
				CLANG_WARN_NON_LITERAL_NULL_CONVERSION = YES;
				CLANG_WARN_OBJC_IMPLICIT_RETAIN_SELF = YES;
				CLANG_WARN_OBJC_LITERAL_CONVERSION = YES;
				CLANG_WARN_OBJC_ROOT_CLASS = YES_ERROR;
				CLANG_WARN_QUOTED_INCLUDE_IN_FRAMEWORK_HEADER = YES;
				CLANG_WARN_RANGE_LOOP_ANALYSIS = YES;
				CLANG_WARN_STRICT_PROTOTYPES = YES;
				CLANG_WARN_SUSPICIOUS_MOVE = YES;
				CLANG_WARN_UNGUARDED_AVAILABILITY = YES_AGGRESSIVE;
				CLANG_WARN_UNREACHABLE_CODE = YES;
				CLANG_WARN__DUPLICATE_METHOD_MATCH = YES;
				COPY_PHASE_STRIP = NO;
				DEBUG_INFORMATION_FORMAT = "dwarf-with-dsym";
				ENABLE_NS_ASSERTIONS = NO;
				ENABLE_STRICT_OBJC_MSGSEND = YES;
				GCC_C_LANGUAGE_STANDARD = gnu11;
				GCC_NO_COMMON_BLOCKS = YES;
				GCC_PREFIX_HEADER = /Users/zhihuazhang/Desktop/XcodePro/SassFramework/SassFramework/PrefixHeader.pch;
				GCC_WARN_64_TO_32_BIT_CONVERSION = YES;
				GCC_WARN_ABOUT_RETURN_TYPE = YES_ERROR;
				GCC_WARN_UNDECLARED_SELECTOR = YES;
				GCC_WARN_UNINITIALIZED_AUTOS = YES_AGGRESSIVE;
				GCC_WARN_UNUSED_FUNCTION = YES;
				GCC_WARN_UNUSED_VARIABLE = YES;
				IPHONEOS_DEPLOYMENT_TARGET = 15.0;
				MTL_ENABLE_DEBUG_INFO = NO;
				MTL_FAST_MATH = YES;
				SDKROOT = iphoneos;
				VALIDATE_PRODUCT = YES;
			};
			name = Release;
		};
		DCCB32812717BF47009E7B1E /* Debug */ = {
			isa = XCBuildConfiguration;
			baseConfigurationReference = 7BC8C8DCC789AC89E3725E6C /* Pods-SassFramework.debug.xcconfig */;
			buildSettings = {
				ASSETCATALOG_COMPILER_APPICON_NAME = AppIcon;
				ASSETCATALOG_COMPILER_GLOBAL_ACCENT_COLOR_NAME = AccentColor;
				ASSETCATALOG_COMPILER_INCLUDE_ALL_APPICON_ASSETS = NO;
				CODE_SIGN_STYLE = Automatic;
				CURRENT_PROJECT_VERSION = 1;
				DEVELOPMENT_TEAM = 5YR3RP559Y;
				GENERATE_INFOPLIST_FILE = YES;
				INFOPLIST_FILE = SassFramework/Info.plist;
				INFOPLIST_KEY_UIApplicationSupportsIndirectInputEvents = YES;
				INFOPLIST_KEY_UILaunchStoryboardName = LaunchScreen;
				INFOPLIST_KEY_UIMainStoryboardFile = Main;
				INFOPLIST_KEY_UIStatusBarHidden = NO;
				INFOPLIST_KEY_UISupportedInterfaceOrientations_iPad = "UIInterfaceOrientationPortrait UIInterfaceOrientationPortraitUpsideDown UIInterfaceOrientationLandscapeLeft UIInterfaceOrientationLandscapeRight";
				INFOPLIST_KEY_UISupportedInterfaceOrientations_iPhone = "UIInterfaceOrientationPortrait UIInterfaceOrientationLandscapeLeft UIInterfaceOrientationLandscapeRight";
				LD_RUNPATH_SEARCH_PATHS = (
					"$(inherited)",
					"@executable_path/Frameworks",
				);
				MARKETING_VERSION = 1.0;
				PRODUCT_BUNDLE_IDENTIFIER = com.Hunteron.Star.SassFramework;
				PRODUCT_NAME = "$(TARGET_NAME)";
				SWIFT_EMIT_LOC_STRINGS = YES;
				TARGETED_DEVICE_FAMILY = "1,2";
			};
			name = Debug;
		};
		DCCB32822717BF47009E7B1E /* Release */ = {
			isa = XCBuildConfiguration;
			baseConfigurationReference = C56523F7C42F328C4261B89D /* Pods-SassFramework.release.xcconfig */;
			buildSettings = {
				ASSETCATALOG_COMPILER_APPICON_NAME = AppIcon;
				ASSETCATALOG_COMPILER_GLOBAL_ACCENT_COLOR_NAME = AccentColor;
				ASSETCATALOG_COMPILER_INCLUDE_ALL_APPICON_ASSETS = NO;
				CODE_SIGN_STYLE = Automatic;
				CURRENT_PROJECT_VERSION = 1;
				DEVELOPMENT_TEAM = 5YR3RP559Y;
				GENERATE_INFOPLIST_FILE = YES;
				INFOPLIST_FILE = SassFramework/Info.plist;
				INFOPLIST_KEY_UIApplicationSupportsIndirectInputEvents = YES;
				INFOPLIST_KEY_UILaunchStoryboardName = LaunchScreen;
				INFOPLIST_KEY_UIMainStoryboardFile = Main;
				INFOPLIST_KEY_UIStatusBarHidden = NO;
				INFOPLIST_KEY_UISupportedInterfaceOrientations_iPad = "UIInterfaceOrientationPortrait UIInterfaceOrientationPortraitUpsideDown UIInterfaceOrientationLandscapeLeft UIInterfaceOrientationLandscapeRight";
				INFOPLIST_KEY_UISupportedInterfaceOrientations_iPhone = "UIInterfaceOrientationPortrait UIInterfaceOrientationLandscapeLeft UIInterfaceOrientationLandscapeRight";
				LD_RUNPATH_SEARCH_PATHS = (
					"$(inherited)",
					"@executable_path/Frameworks",
				);
				MARKETING_VERSION = 1.0;
				PRODUCT_BUNDLE_IDENTIFIER = com.Hunteron.Star.SassFramework;
				PRODUCT_NAME = "$(TARGET_NAME)";
				SWIFT_EMIT_LOC_STRINGS = YES;
				TARGETED_DEVICE_FAMILY = "1,2";
			};
			name = Release;
		};
		DCCB32842717BF47009E7B1E /* Debug */ = {
			isa = XCBuildConfiguration;
			baseConfigurationReference = 828CAB64A5AFD9DD8B7E22BB /* Pods-SassFrameworkTests.debug.xcconfig */;
			buildSettings = {
				BUNDLE_LOADER = "$(TEST_HOST)";
				CODE_SIGN_STYLE = Automatic;
				CURRENT_PROJECT_VERSION = 1;
				DEVELOPMENT_TEAM = 5YR3RP559Y;
				GENERATE_INFOPLIST_FILE = YES;
				IPHONEOS_DEPLOYMENT_TARGET = 15.0;
				LD_RUNPATH_SEARCH_PATHS = (
					"$(inherited)",
					"@executable_path/Frameworks",
					"@loader_path/Frameworks",
				);
				MARKETING_VERSION = 1.0;
				PRODUCT_BUNDLE_IDENTIFIER = com.Hunteron.Star.SassFrameworkTests;
				PRODUCT_NAME = "$(TARGET_NAME)";
				SWIFT_EMIT_LOC_STRINGS = NO;
				TARGETED_DEVICE_FAMILY = "1,2";
				TEST_HOST = "$(BUILT_PRODUCTS_DIR)/SassFramework.app/SassFramework";
			};
			name = Debug;
		};
		DCCB32852717BF47009E7B1E /* Release */ = {
			isa = XCBuildConfiguration;
			baseConfigurationReference = 554776E3D0589A81EFE8B0A2 /* Pods-SassFrameworkTests.release.xcconfig */;
			buildSettings = {
				BUNDLE_LOADER = "$(TEST_HOST)";
				CODE_SIGN_STYLE = Automatic;
				CURRENT_PROJECT_VERSION = 1;
				DEVELOPMENT_TEAM = 5YR3RP559Y;
				GENERATE_INFOPLIST_FILE = YES;
				IPHONEOS_DEPLOYMENT_TARGET = 15.0;
				LD_RUNPATH_SEARCH_PATHS = (
					"$(inherited)",
					"@executable_path/Frameworks",
					"@loader_path/Frameworks",
				);
				MARKETING_VERSION = 1.0;
				PRODUCT_BUNDLE_IDENTIFIER = com.Hunteron.Star.SassFrameworkTests;
				PRODUCT_NAME = "$(TARGET_NAME)";
				SWIFT_EMIT_LOC_STRINGS = NO;
				TARGETED_DEVICE_FAMILY = "1,2";
				TEST_HOST = "$(BUILT_PRODUCTS_DIR)/SassFramework.app/SassFramework";
			};
			name = Release;
		};
		DCCB32872717BF47009E7B1E /* Debug */ = {
			isa = XCBuildConfiguration;
			baseConfigurationReference = BF65E682554D7FD74059DD4E /* Pods-SassFramework-SassFrameworkUITests.debug.xcconfig */;
			buildSettings = {
				CODE_SIGN_STYLE = Automatic;
				CURRENT_PROJECT_VERSION = 1;
				DEVELOPMENT_TEAM = 5YR3RP559Y;
				GENERATE_INFOPLIST_FILE = YES;
				LD_RUNPATH_SEARCH_PATHS = (
					"$(inherited)",
					"@executable_path/Frameworks",
					"@loader_path/Frameworks",
				);
				MARKETING_VERSION = 1.0;
				PRODUCT_BUNDLE_IDENTIFIER = com.Hunteron.Star.SassFrameworkUITests;
				PRODUCT_NAME = "$(TARGET_NAME)";
				SWIFT_EMIT_LOC_STRINGS = NO;
				TARGETED_DEVICE_FAMILY = "1,2";
				TEST_TARGET_NAME = SassFramework;
			};
			name = Debug;
		};
		DCCB32882717BF47009E7B1E /* Release */ = {
			isa = XCBuildConfiguration;
			baseConfigurationReference = D5DB7335512F2C8DE70D819B /* Pods-SassFramework-SassFrameworkUITests.release.xcconfig */;
			buildSettings = {
				CODE_SIGN_STYLE = Automatic;
				CURRENT_PROJECT_VERSION = 1;
				DEVELOPMENT_TEAM = 5YR3RP559Y;
				GENERATE_INFOPLIST_FILE = YES;
				LD_RUNPATH_SEARCH_PATHS = (
					"$(inherited)",
					"@executable_path/Frameworks",
					"@loader_path/Frameworks",
				);
				MARKETING_VERSION = 1.0;
				PRODUCT_BUNDLE_IDENTIFIER = com.Hunteron.Star.SassFrameworkUITests;
				PRODUCT_NAME = "$(TARGET_NAME)";
				SWIFT_EMIT_LOC_STRINGS = NO;
				TARGETED_DEVICE_FAMILY = "1,2";
				TEST_TARGET_NAME = SassFramework;
			};
			name = Release;
		};
/* End XCBuildConfiguration section */

/* Begin XCConfigurationList section */
		DCCB324C2717BF45009E7B1E /* Build configuration list for PBXProject "SassFramework" */ = {
			isa = XCConfigurationList;
			buildConfigurations = (
				DCCB327E2717BF47009E7B1E /* Debug */,
				DCCB327F2717BF47009E7B1E /* Release */,
			);
			defaultConfigurationIsVisible = 0;
			defaultConfigurationName = Release;
		};
		DCCB32802717BF47009E7B1E /* Build configuration list for PBXNativeTarget "SassFramework" */ = {
			isa = XCConfigurationList;
			buildConfigurations = (
				DCCB32812717BF47009E7B1E /* Debug */,
				DCCB32822717BF47009E7B1E /* Release */,
			);
			defaultConfigurationIsVisible = 0;
			defaultConfigurationName = Release;
		};
		DCCB32832717BF47009E7B1E /* Build configuration list for PBXNativeTarget "SassFrameworkTests" */ = {
			isa = XCConfigurationList;
			buildConfigurations = (
				DCCB32842717BF47009E7B1E /* Debug */,
				DCCB32852717BF47009E7B1E /* Release */,
			);
			defaultConfigurationIsVisible = 0;
			defaultConfigurationName = Release;
		};
		DCCB32862717BF47009E7B1E /* Build configuration list for PBXNativeTarget "SassFrameworkUITests" */ = {
			isa = XCConfigurationList;
			buildConfigurations = (
				DCCB32872717BF47009E7B1E /* Debug */,
				DCCB32882717BF47009E7B1E /* Release */,
			);
			defaultConfigurationIsVisible = 0;
			defaultConfigurationName = Release;
		};
/* End XCConfigurationList section */
	};
	rootObject = DCCB32492717BF45009E7B1E /* Project object */;
}
